// !$*UTF8*$!
{
	archiveVersion = 1;
	classes = {
	};
	objectVersion = 46;
	objects = {

/* Begin PBXBuildFile section */
		1514CA291E98AEE600F8C8F4 /* medicalReportViewController.m in Sources */ = {isa = PBXBuildFile; fileRef = 1514CA281E98AEE600F8C8F4 /* medicalReportViewController.m */; };
		1514CA2C1E98B64C00F8C8F4 /* PersonInfoViewController.m in Sources */ = {isa = PBXBuildFile; fileRef = 1514CA2B1E98B64C00F8C8F4 /* PersonInfoViewController.m */; };
		1514CA2F1E98C46D00F8C8F4 /* OrderDetailViewController.m in Sources */ = {isa = PBXBuildFile; fileRef = 1514CA2E1E98C46D00F8C8F4 /* OrderDetailViewController.m */; };
		1514CA5F1E990CA900F8C8F4 /* MJRefreshAutoFooter.m in Sources */ = {isa = PBXBuildFile; fileRef = 1514CA331E990CA900F8C8F4 /* MJRefreshAutoFooter.m */; };
		1514CA601E990CA900F8C8F4 /* MJRefreshBackFooter.m in Sources */ = {isa = PBXBuildFile; fileRef = 1514CA351E990CA900F8C8F4 /* MJRefreshBackFooter.m */; };
		1514CA611E990CA900F8C8F4 /* MJRefreshComponent.m in Sources */ = {isa = PBXBuildFile; fileRef = 1514CA371E990CA900F8C8F4 /* MJRefreshComponent.m */; };
		1514CA621E990CA900F8C8F4 /* MJRefreshFooter.m in Sources */ = {isa = PBXBuildFile; fileRef = 1514CA391E990CA900F8C8F4 /* MJRefreshFooter.m */; };
		1514CA631E990CA900F8C8F4 /* MJRefreshHeader.m in Sources */ = {isa = PBXBuildFile; fileRef = 1514CA3B1E990CA900F8C8F4 /* MJRefreshHeader.m */; };
		1514CA641E990CA900F8C8F4 /* MJRefreshAutoGifFooter.m in Sources */ = {isa = PBXBuildFile; fileRef = 1514CA401E990CA900F8C8F4 /* MJRefreshAutoGifFooter.m */; };
		1514CA651E990CA900F8C8F4 /* MJRefreshAutoNormalFooter.m in Sources */ = {isa = PBXBuildFile; fileRef = 1514CA421E990CA900F8C8F4 /* MJRefreshAutoNormalFooter.m */; };
		1514CA661E990CA900F8C8F4 /* MJRefreshAutoStateFooter.m in Sources */ = {isa = PBXBuildFile; fileRef = 1514CA441E990CA900F8C8F4 /* MJRefreshAutoStateFooter.m */; };
		1514CA671E990CA900F8C8F4 /* MJRefreshBackGifFooter.m in Sources */ = {isa = PBXBuildFile; fileRef = 1514CA471E990CA900F8C8F4 /* MJRefreshBackGifFooter.m */; };
		1514CA681E990CA900F8C8F4 /* MJRefreshBackNormalFooter.m in Sources */ = {isa = PBXBuildFile; fileRef = 1514CA491E990CA900F8C8F4 /* MJRefreshBackNormalFooter.m */; };
		1514CA691E990CA900F8C8F4 /* MJRefreshBackStateFooter.m in Sources */ = {isa = PBXBuildFile; fileRef = 1514CA4B1E990CA900F8C8F4 /* MJRefreshBackStateFooter.m */; };
		1514CA6A1E990CA900F8C8F4 /* MJRefreshGifHeader.m in Sources */ = {isa = PBXBuildFile; fileRef = 1514CA4E1E990CA900F8C8F4 /* MJRefreshGifHeader.m */; };
		1514CA6B1E990CA900F8C8F4 /* MJRefreshNormalHeader.m in Sources */ = {isa = PBXBuildFile; fileRef = 1514CA501E990CA900F8C8F4 /* MJRefreshNormalHeader.m */; };
		1514CA6C1E990CA900F8C8F4 /* MJRefreshStateHeader.m in Sources */ = {isa = PBXBuildFile; fileRef = 1514CA521E990CA900F8C8F4 /* MJRefreshStateHeader.m */; };
		1514CA6D1E990CA900F8C8F4 /* MJRefresh.bundle in Resources */ = {isa = PBXBuildFile; fileRef = 1514CA531E990CA900F8C8F4 /* MJRefresh.bundle */; };
		1514CA6E1E990CA900F8C8F4 /* MJRefreshConst.m in Sources */ = {isa = PBXBuildFile; fileRef = 1514CA561E990CA900F8C8F4 /* MJRefreshConst.m */; };
		1514CA6F1E990CA900F8C8F4 /* NSBundle+MJRefresh.m in Sources */ = {isa = PBXBuildFile; fileRef = 1514CA581E990CA900F8C8F4 /* NSBundle+MJRefresh.m */; };
		1514CA701E990CA900F8C8F4 /* UIScrollView+MJExtension.m in Sources */ = {isa = PBXBuildFile; fileRef = 1514CA5A1E990CA900F8C8F4 /* UIScrollView+MJExtension.m */; };
		1514CA711E990CA900F8C8F4 /* UIScrollView+MJRefresh.m in Sources */ = {isa = PBXBuildFile; fileRef = 1514CA5C1E990CA900F8C8F4 /* UIScrollView+MJRefresh.m */; };
		1514CA721E990CA900F8C8F4 /* UIView+MJExtension.m in Sources */ = {isa = PBXBuildFile; fileRef = 1514CA5E1E990CA900F8C8F4 /* UIView+MJExtension.m */; };
		152F8DC11E96724F0070939C /* MakeAppointmentViewController.m in Sources */ = {isa = PBXBuildFile; fileRef = 152F8DC01E96724F0070939C /* MakeAppointmentViewController.m */; };
		15395FEC1E82BD2700797C74 /* RegisterViewController.m in Sources */ = {isa = PBXBuildFile; fileRef = 15395FEB1E82BD2700797C74 /* RegisterViewController.m */; };
		15395FEF1E82C24000797C74 /* LoginViewController.m in Sources */ = {isa = PBXBuildFile; fileRef = 15395FEE1E82C24000797C74 /* LoginViewController.m */; };
		154455DC1E8D3516006CE72C /* ComboDetailViewController.m in Sources */ = {isa = PBXBuildFile; fileRef = 154455DB1E8D3516006CE72C /* ComboDetailViewController.m */; };
		158760E61EA4EF5D008320C0 /* 登陆页面背景.png in Resources */ = {isa = PBXBuildFile; fileRef = 158760E31EA4EF5D008320C0 /* 登陆页面背景.png */; };
		158760E71EA4EF5D008320C0 /* 默认头像.png in Resources */ = {isa = PBXBuildFile; fileRef = 158760E41EA4EF5D008320C0 /* 默认头像.png */; };
		158760E81EA4EF5D008320C0 /* back.png in Resources */ = {isa = PBXBuildFile; fileRef = 158760E51EA4EF5D008320C0 /* back.png */; };
		159FCA271E8AA21F00391107 /* AllOrderTableViewCell.m in Sources */ = {isa = PBXBuildFile; fileRef = 159FCA261E8AA21F00391107 /* AllOrderTableViewCell.m */; };
		159FCA2D1E8AAB1B00391107 /* BookingViewController.m in Sources */ = {isa = PBXBuildFile; fileRef = 159FCA2C1E8AAB1B00391107 /* BookingViewController.m */; };
		15A0A3551E5843E0001A8610 /* WcyAdSplashImgView.m in Sources */ = {isa = PBXBuildFile; fileRef = 15A0A3541E5843E0001A8610 /* WcyAdSplashImgView.m */; };
		15A0A35B1E58461E001A8610 /* MBPreferenceManager.m in Sources */ = {isa = PBXBuildFile; fileRef = 15A0A3581E58461E001A8610 /* MBPreferenceManager.m */; };
		15A199DA1E21F6C60063D373 /* main.m in Sources */ = {isa = PBXBuildFile; fileRef = 15A199D91E21F6C60063D373 /* main.m */; };
		15A199DD1E21F6C60063D373 /* AppDelegate.m in Sources */ = {isa = PBXBuildFile; fileRef = 15A199DC1E21F6C60063D373 /* AppDelegate.m */; };
		15A199E31E21F6C60063D373 /* Main.storyboard in Resources */ = {isa = PBXBuildFile; fileRef = 15A199E11E21F6C60063D373 /* Main.storyboard */; };
		15A199E51E21F6C60063D373 /* Assets.xcassets in Resources */ = {isa = PBXBuildFile; fileRef = 15A199E41E21F6C60063D373 /* Assets.xcassets */; };
		15A199E81E21F6C60063D373 /* LaunchScreen.storyboard in Resources */ = {isa = PBXBuildFile; fileRef = 15A199E61E21F6C60063D373 /* LaunchScreen.storyboard */; };
		15A199F31E21F6C60063D373 /* WcyHealthTests.m in Sources */ = {isa = PBXBuildFile; fileRef = 15A199F21E21F6C60063D373 /* WcyHealthTests.m */; };
		15A199FE1E21F6C60063D373 /* WcyHealthUITests.m in Sources */ = {isa = PBXBuildFile; fileRef = 15A199FD1E21F6C60063D373 /* WcyHealthUITests.m */; };
		15A19A181E21F9B70063D373 /* HomeViewController.m in Sources */ = {isa = PBXBuildFile; fileRef = 15A19A171E21F9B70063D373 /* HomeViewController.m */; };
		15A19A1B1E21FAC50063D373 /* InformationViewController.m in Sources */ = {isa = PBXBuildFile; fileRef = 15A19A1A1E21FAC50063D373 /* InformationViewController.m */; };
		15A19A1E1E21FAEE0063D373 /* FunctionViewController.m in Sources */ = {isa = PBXBuildFile; fileRef = 15A19A1D1E21FAEE0063D373 /* FunctionViewController.m */; };
		15A19A211E21FB1B0063D373 /* MyCenterViewController.m in Sources */ = {isa = PBXBuildFile; fileRef = 15A19A201E21FB1B0063D373 /* MyCenterViewController.m */; };
		15A19A281E2202640063D373 /* 4.png in Resources */ = {isa = PBXBuildFile; fileRef = 15A19A241E2202640063D373 /* 4.png */; };
		15A19A291E2202640063D373 /* 3.png in Resources */ = {isa = PBXBuildFile; fileRef = 15A19A251E2202640063D373 /* 3.png */; };
		15A19A2A1E2202640063D373 /* 2.png in Resources */ = {isa = PBXBuildFile; fileRef = 15A19A261E2202640063D373 /* 2.png */; };
		15A19A2B1E2202640063D373 /* 1.png in Resources */ = {isa = PBXBuildFile; fileRef = 15A19A271E2202640063D373 /* 1.png */; };
		15A19A651E222A990063D373 /* AFHTTPSessionManager.m in Sources */ = {isa = PBXBuildFile; fileRef = 15A19A2E1E222A990063D373 /* AFHTTPSessionManager.m */; };
		15A19A661E222A990063D373 /* AFNetworkReachabilityManager.m in Sources */ = {isa = PBXBuildFile; fileRef = 15A19A311E222A990063D373 /* AFNetworkReachabilityManager.m */; };
		15A19A671E222A990063D373 /* AFSecurityPolicy.m in Sources */ = {isa = PBXBuildFile; fileRef = 15A19A331E222A990063D373 /* AFSecurityPolicy.m */; };
		15A19A681E222A990063D373 /* AFURLRequestSerialization.m in Sources */ = {isa = PBXBuildFile; fileRef = 15A19A351E222A990063D373 /* AFURLRequestSerialization.m */; };
		15A19A691E222A990063D373 /* AFURLResponseSerialization.m in Sources */ = {isa = PBXBuildFile; fileRef = 15A19A371E222A990063D373 /* AFURLResponseSerialization.m */; };
		15A19A6A1E222A990063D373 /* AFURLSessionManager.m in Sources */ = {isa = PBXBuildFile; fileRef = 15A19A391E222A990063D373 /* AFURLSessionManager.m */; };
		15A19A6C1E222A990063D373 /* MKAnnotationView+WebCache.m in Sources */ = {isa = PBXBuildFile; fileRef = 15A19A3F1E222A990063D373 /* MKAnnotationView+WebCache.m */; };
		15A19A6D1E222A990063D373 /* NSData+ImageContentType.m in Sources */ = {isa = PBXBuildFile; fileRef = 15A19A411E222A990063D373 /* NSData+ImageContentType.m */; };
		15A19A6E1E222A990063D373 /* NSImage+WebCache.m in Sources */ = {isa = PBXBuildFile; fileRef = 15A19A431E222A990063D373 /* NSImage+WebCache.m */; };
		15A19A6F1E222A990063D373 /* SDImageCache.m in Sources */ = {isa = PBXBuildFile; fileRef = 15A19A451E222A990063D373 /* SDImageCache.m */; };
		15A19A701E222A990063D373 /* SDImageCacheConfig.m in Sources */ = {isa = PBXBuildFile; fileRef = 15A19A471E222A990063D373 /* SDImageCacheConfig.m */; };
		15A19A711E222A990063D373 /* SDWebImageCompat.m in Sources */ = {isa = PBXBuildFile; fileRef = 15A19A491E222A990063D373 /* SDWebImageCompat.m */; };
		15A19A721E222A990063D373 /* SDWebImageDecoder.m in Sources */ = {isa = PBXBuildFile; fileRef = 15A19A4B1E222A990063D373 /* SDWebImageDecoder.m */; };
		15A19A731E222A990063D373 /* SDWebImageDownloader.m in Sources */ = {isa = PBXBuildFile; fileRef = 15A19A4D1E222A990063D373 /* SDWebImageDownloader.m */; };
		15A19A741E222A990063D373 /* SDWebImageDownloaderOperation.m in Sources */ = {isa = PBXBuildFile; fileRef = 15A19A4F1E222A990063D373 /* SDWebImageDownloaderOperation.m */; };
		15A19A751E222A990063D373 /* SDWebImageManager.m in Sources */ = {isa = PBXBuildFile; fileRef = 15A19A511E222A990063D373 /* SDWebImageManager.m */; };
		15A19A761E222A990063D373 /* SDWebImagePrefetcher.m in Sources */ = {isa = PBXBuildFile; fileRef = 15A19A541E222A990063D373 /* SDWebImagePrefetcher.m */; };
		15A19A771E222A990063D373 /* UIButton+WebCache.m in Sources */ = {isa = PBXBuildFile; fileRef = 15A19A561E222A990063D373 /* UIButton+WebCache.m */; };
		15A19A781E222A990063D373 /* UIImage+GIF.m in Sources */ = {isa = PBXBuildFile; fileRef = 15A19A581E222A990063D373 /* UIImage+GIF.m */; };
		15A19A791E222A990063D373 /* UIImage+MultiFormat.m in Sources */ = {isa = PBXBuildFile; fileRef = 15A19A5A1E222A990063D373 /* UIImage+MultiFormat.m */; };
		15A19A7A1E222A990063D373 /* UIImage+WebP.m in Sources */ = {isa = PBXBuildFile; fileRef = 15A19A5C1E222A990063D373 /* UIImage+WebP.m */; };
		15A19A7B1E222A990063D373 /* UIImageView+HighlightedWebCache.m in Sources */ = {isa = PBXBuildFile; fileRef = 15A19A5E1E222A990063D373 /* UIImageView+HighlightedWebCache.m */; };
		15A19A7C1E222A990063D373 /* UIImageView+WebCache.m in Sources */ = {isa = PBXBuildFile; fileRef = 15A19A601E222A990063D373 /* UIImageView+WebCache.m */; };
		15A19A7D1E222A990063D373 /* UIView+WebCache.m in Sources */ = {isa = PBXBuildFile; fileRef = 15A19A621E222A990063D373 /* UIView+WebCache.m */; };
		15A19A7E1E222A990063D373 /* UIView+WebCacheOperation.m in Sources */ = {isa = PBXBuildFile; fileRef = 15A19A641E222A990063D373 /* UIView+WebCacheOperation.m */; };
		15A19A9A1E226E140063D373 /* Info.plist in Resources */ = {isa = PBXBuildFile; fileRef = 15A19A801E226E140063D373 /* Info.plist */; };
		15A19A9B1E226E140063D373 /* MASCompositeConstraint.m in Sources */ = {isa = PBXBuildFile; fileRef = 15A19A821E226E140063D373 /* MASCompositeConstraint.m */; };
		15A19A9C1E226E140063D373 /* MASConstraint.m in Sources */ = {isa = PBXBuildFile; fileRef = 15A19A851E226E140063D373 /* MASConstraint.m */; };
		15A19A9D1E226E140063D373 /* MASConstraintMaker.m in Sources */ = {isa = PBXBuildFile; fileRef = 15A19A871E226E140063D373 /* MASConstraintMaker.m */; };
		15A19A9E1E226E140063D373 /* MASLayoutConstraint.m in Sources */ = {isa = PBXBuildFile; fileRef = 15A19A891E226E140063D373 /* MASLayoutConstraint.m */; };
		15A19A9F1E226E140063D373 /* MASViewAttribute.m in Sources */ = {isa = PBXBuildFile; fileRef = 15A19A8D1E226E140063D373 /* MASViewAttribute.m */; };
		15A19AA01E226E140063D373 /* MASViewConstraint.m in Sources */ = {isa = PBXBuildFile; fileRef = 15A19A8F1E226E140063D373 /* MASViewConstraint.m */; };
		15A19AA11E226E140063D373 /* NSArray+MASAdditions.m in Sources */ = {isa = PBXBuildFile; fileRef = 15A19A911E226E140063D373 /* NSArray+MASAdditions.m */; };
		15A19AA21E226E140063D373 /* NSLayoutConstraint+MASDebugAdditions.m in Sources */ = {isa = PBXBuildFile; fileRef = 15A19A941E226E140063D373 /* NSLayoutConstraint+MASDebugAdditions.m */; };
		15A19AA31E226E140063D373 /* View+MASAdditions.m in Sources */ = {isa = PBXBuildFile; fileRef = 15A19A961E226E140063D373 /* View+MASAdditions.m */; };
		15A19AA41E226E140063D373 /* ViewController+MASAdditions.m in Sources */ = {isa = PBXBuildFile; fileRef = 15A19A991E226E140063D373 /* ViewController+MASAdditions.m */; };
		15A238A21E9A23D800E73C4B /* InformationTableViewCell.m in Sources */ = {isa = PBXBuildFile; fileRef = 15A238A11E9A23D800E73C4B /* InformationTableViewCell.m */; };
		15A8DE481E8BE24000FBAED1 /* BookingTableViewCell.m in Sources */ = {isa = PBXBuildFile; fileRef = 15A8DE471E8BE24000FBAED1 /* BookingTableViewCell.m */; };
		15AD75111E48B009000C2217 /* SVIndefiniteAnimatedView.m in Sources */ = {isa = PBXBuildFile; fileRef = 15AD75081E48B009000C2217 /* SVIndefiniteAnimatedView.m */; };
		15AD75121E48B009000C2217 /* SVProgressAnimatedView.m in Sources */ = {isa = PBXBuildFile; fileRef = 15AD750A1E48B009000C2217 /* SVProgressAnimatedView.m */; };
		15AD75131E48B009000C2217 /* SVProgressHUD.bundle in Resources */ = {isa = PBXBuildFile; fileRef = 15AD750C1E48B009000C2217 /* SVProgressHUD.bundle */; };
		15AD75141E48B009000C2217 /* SVProgressHUD.m in Sources */ = {isa = PBXBuildFile; fileRef = 15AD750E1E48B009000C2217 /* SVProgressHUD.m */; };
		15AD75151E48B009000C2217 /* SVRadialGradientLayer.m in Sources */ = {isa = PBXBuildFile; fileRef = 15AD75101E48B009000C2217 /* SVRadialGradientLayer.m */; };
		15C68DF91E9BBEA200DC71F4 /* ResultsViewController.m in Sources */ = {isa = PBXBuildFile; fileRef = 15C68DF81E9BBEA100DC71F4 /* ResultsViewController.m */; };
		15F2BE4D1E59885100780AAC /* MBUtilities.m in Sources */ = {isa = PBXBuildFile; fileRef = 15F2BE4C1E59885100780AAC /* MBUtilities.m */; };
		15F2BE551E59A44300780AAC /* PGIndexBannerSubiew.m in Sources */ = {isa = PBXBuildFile; fileRef = 15F2BE511E59A44300780AAC /* PGIndexBannerSubiew.m */; };
		15F2BE561E59A44300780AAC /* NewPagedFlowView.m in Sources */ = {isa = PBXBuildFile; fileRef = 15F2BE541E59A44300780AAC /* NewPagedFlowView.m */; };
		15F2BE5C1E59A64600780AAC /* Yosemite00.jpg in Resources */ = {isa = PBXBuildFile; fileRef = 15F2BE571E59A64600780AAC /* Yosemite00.jpg */; };
		15F2BE5D1E59A64600780AAC /* Yosemite01.jpg in Resources */ = {isa = PBXBuildFile; fileRef = 15F2BE581E59A64600780AAC /* Yosemite01.jpg */; };
		15F2BE5E1E59A64600780AAC /* Yosemite02.jpg in Resources */ = {isa = PBXBuildFile; fileRef = 15F2BE591E59A64600780AAC /* Yosemite02.jpg */; };
		15F2BE5F1E59A64600780AAC /* Yosemite03.jpg in Resources */ = {isa = PBXBuildFile; fileRef = 15F2BE5A1E59A64600780AAC /* Yosemite03.jpg */; };
		15F2BE601E59A64600780AAC /* Yosemite04.jpg in Resources */ = {isa = PBXBuildFile; fileRef = 15F2BE5B1E59A64600780AAC /* Yosemite04.jpg */; };
		488039371EA49D05000E37C3 /* summaryTableViewCell.m in Sources */ = {isa = PBXBuildFile; fileRef = 488039361EA49D05000E37C3 /* summaryTableViewCell.m */; };
		4880393A1EA4BE65000E37C3 /* detailTableViewCell.m in Sources */ = {isa = PBXBuildFile; fileRef = 488039391EA4BE65000E37C3 /* detailTableViewCell.m */; };
/* End PBXBuildFile section */

/* Begin PBXContainerItemProxy section */
		15A199EF1E21F6C60063D373 /* PBXContainerItemProxy */ = {
			isa = PBXContainerItemProxy;
			containerPortal = 15A199CD1E21F6C50063D373 /* Project object */;
			proxyType = 1;
			remoteGlobalIDString = 15A199D41E21F6C50063D373;
			remoteInfo = WcyHealth;
		};
		15A199FA1E21F6C60063D373 /* PBXContainerItemProxy */ = {
			isa = PBXContainerItemProxy;
			containerPortal = 15A199CD1E21F6C50063D373 /* Project object */;
			proxyType = 1;
			remoteGlobalIDString = 15A199D41E21F6C50063D373;
			remoteInfo = WcyHealth;
		};
/* End PBXContainerItemProxy section */

/* Begin PBXFileReference section */
		1514CA271E98AEE600F8C8F4 /* medicalReportViewController.h */ = {isa = PBXFileReference; fileEncoding = 4; lastKnownFileType = sourcecode.c.h; path = medicalReportViewController.h; sourceTree = "<group>"; };
		1514CA281E98AEE600F8C8F4 /* medicalReportViewController.m */ = {isa = PBXFileReference; fileEncoding = 4; lastKnownFileType = sourcecode.c.objc; path = medicalReportViewController.m; sourceTree = "<group>"; };
		1514CA2A1E98B64C00F8C8F4 /* PersonInfoViewController.h */ = {isa = PBXFileReference; fileEncoding = 4; lastKnownFileType = sourcecode.c.h; path = PersonInfoViewController.h; sourceTree = "<group>"; };
		1514CA2B1E98B64C00F8C8F4 /* PersonInfoViewController.m */ = {isa = PBXFileReference; fileEncoding = 4; lastKnownFileType = sourcecode.c.objc; path = PersonInfoViewController.m; sourceTree = "<group>"; };
		1514CA2D1E98C46D00F8C8F4 /* OrderDetailViewController.h */ = {isa = PBXFileReference; fileEncoding = 4; lastKnownFileType = sourcecode.c.h; path = OrderDetailViewController.h; sourceTree = "<group>"; };
		1514CA2E1E98C46D00F8C8F4 /* OrderDetailViewController.m */ = {isa = PBXFileReference; fileEncoding = 4; lastKnownFileType = sourcecode.c.objc; path = OrderDetailViewController.m; sourceTree = "<group>"; };
		1514CA321E990CA900F8C8F4 /* MJRefreshAutoFooter.h */ = {isa = PBXFileReference; fileEncoding = 4; lastKnownFileType = sourcecode.c.h; path = MJRefreshAutoFooter.h; sourceTree = "<group>"; };
		1514CA331E990CA900F8C8F4 /* MJRefreshAutoFooter.m */ = {isa = PBXFileReference; fileEncoding = 4; lastKnownFileType = sourcecode.c.objc; path = MJRefreshAutoFooter.m; sourceTree = "<group>"; };
		1514CA341E990CA900F8C8F4 /* MJRefreshBackFooter.h */ = {isa = PBXFileReference; fileEncoding = 4; lastKnownFileType = sourcecode.c.h; path = MJRefreshBackFooter.h; sourceTree = "<group>"; };
		1514CA351E990CA900F8C8F4 /* MJRefreshBackFooter.m */ = {isa = PBXFileReference; fileEncoding = 4; lastKnownFileType = sourcecode.c.objc; path = MJRefreshBackFooter.m; sourceTree = "<group>"; };
		1514CA361E990CA900F8C8F4 /* MJRefreshComponent.h */ = {isa = PBXFileReference; fileEncoding = 4; lastKnownFileType = sourcecode.c.h; path = MJRefreshComponent.h; sourceTree = "<group>"; };
		1514CA371E990CA900F8C8F4 /* MJRefreshComponent.m */ = {isa = PBXFileReference; fileEncoding = 4; lastKnownFileType = sourcecode.c.objc; path = MJRefreshComponent.m; sourceTree = "<group>"; };
		1514CA381E990CA900F8C8F4 /* MJRefreshFooter.h */ = {isa = PBXFileReference; fileEncoding = 4; lastKnownFileType = sourcecode.c.h; path = MJRefreshFooter.h; sourceTree = "<group>"; };
		1514CA391E990CA900F8C8F4 /* MJRefreshFooter.m */ = {isa = PBXFileReference; fileEncoding = 4; lastKnownFileType = sourcecode.c.objc; path = MJRefreshFooter.m; sourceTree = "<group>"; };
		1514CA3A1E990CA900F8C8F4 /* MJRefreshHeader.h */ = {isa = PBXFileReference; fileEncoding = 4; lastKnownFileType = sourcecode.c.h; path = MJRefreshHeader.h; sourceTree = "<group>"; };
		1514CA3B1E990CA900F8C8F4 /* MJRefreshHeader.m */ = {isa = PBXFileReference; fileEncoding = 4; lastKnownFileType = sourcecode.c.objc; path = MJRefreshHeader.m; sourceTree = "<group>"; };
		1514CA3F1E990CA900F8C8F4 /* MJRefreshAutoGifFooter.h */ = {isa = PBXFileReference; fileEncoding = 4; lastKnownFileType = sourcecode.c.h; path = MJRefreshAutoGifFooter.h; sourceTree = "<group>"; };
		1514CA401E990CA900F8C8F4 /* MJRefreshAutoGifFooter.m */ = {isa = PBXFileReference; fileEncoding = 4; lastKnownFileType = sourcecode.c.objc; path = MJRefreshAutoGifFooter.m; sourceTree = "<group>"; };
		1514CA411E990CA900F8C8F4 /* MJRefreshAutoNormalFooter.h */ = {isa = PBXFileReference; fileEncoding = 4; lastKnownFileType = sourcecode.c.h; path = MJRefreshAutoNormalFooter.h; sourceTree = "<group>"; };
		1514CA421E990CA900F8C8F4 /* MJRefreshAutoNormalFooter.m */ = {isa = PBXFileReference; fileEncoding = 4; lastKnownFileType = sourcecode.c.objc; path = MJRefreshAutoNormalFooter.m; sourceTree = "<group>"; };
		1514CA431E990CA900F8C8F4 /* MJRefreshAutoStateFooter.h */ = {isa = PBXFileReference; fileEncoding = 4; lastKnownFileType = sourcecode.c.h; path = MJRefreshAutoStateFooter.h; sourceTree = "<group>"; };
		1514CA441E990CA900F8C8F4 /* MJRefreshAutoStateFooter.m */ = {isa = PBXFileReference; fileEncoding = 4; lastKnownFileType = sourcecode.c.objc; path = MJRefreshAutoStateFooter.m; sourceTree = "<group>"; };
		1514CA461E990CA900F8C8F4 /* MJRefreshBackGifFooter.h */ = {isa = PBXFileReference; fileEncoding = 4; lastKnownFileType = sourcecode.c.h; path = MJRefreshBackGifFooter.h; sourceTree = "<group>"; };
		1514CA471E990CA900F8C8F4 /* MJRefreshBackGifFooter.m */ = {isa = PBXFileReference; fileEncoding = 4; lastKnownFileType = sourcecode.c.objc; path = MJRefreshBackGifFooter.m; sourceTree = "<group>"; };
		1514CA481E990CA900F8C8F4 /* MJRefreshBackNormalFooter.h */ = {isa = PBXFileReference; fileEncoding = 4; lastKnownFileType = sourcecode.c.h; path = MJRefreshBackNormalFooter.h; sourceTree = "<group>"; };
		1514CA491E990CA900F8C8F4 /* MJRefreshBackNormalFooter.m */ = {isa = PBXFileReference; fileEncoding = 4; lastKnownFileType = sourcecode.c.objc; path = MJRefreshBackNormalFooter.m; sourceTree = "<group>"; };
		1514CA4A1E990CA900F8C8F4 /* MJRefreshBackStateFooter.h */ = {isa = PBXFileReference; fileEncoding = 4; lastKnownFileType = sourcecode.c.h; path = MJRefreshBackStateFooter.h; sourceTree = "<group>"; };
		1514CA4B1E990CA900F8C8F4 /* MJRefreshBackStateFooter.m */ = {isa = PBXFileReference; fileEncoding = 4; lastKnownFileType = sourcecode.c.objc; path = MJRefreshBackStateFooter.m; sourceTree = "<group>"; };
		1514CA4D1E990CA900F8C8F4 /* MJRefreshGifHeader.h */ = {isa = PBXFileReference; fileEncoding = 4; lastKnownFileType = sourcecode.c.h; path = MJRefreshGifHeader.h; sourceTree = "<group>"; };
		1514CA4E1E990CA900F8C8F4 /* MJRefreshGifHeader.m */ = {isa = PBXFileReference; fileEncoding = 4; lastKnownFileType = sourcecode.c.objc; path = MJRefreshGifHeader.m; sourceTree = "<group>"; };
		1514CA4F1E990CA900F8C8F4 /* MJRefreshNormalHeader.h */ = {isa = PBXFileReference; fileEncoding = 4; lastKnownFileType = sourcecode.c.h; path = MJRefreshNormalHeader.h; sourceTree = "<group>"; };
		1514CA501E990CA900F8C8F4 /* MJRefreshNormalHeader.m */ = {isa = PBXFileReference; fileEncoding = 4; lastKnownFileType = sourcecode.c.objc; path = MJRefreshNormalHeader.m; sourceTree = "<group>"; };
		1514CA511E990CA900F8C8F4 /* MJRefreshStateHeader.h */ = {isa = PBXFileReference; fileEncoding = 4; lastKnownFileType = sourcecode.c.h; path = MJRefreshStateHeader.h; sourceTree = "<group>"; };
		1514CA521E990CA900F8C8F4 /* MJRefreshStateHeader.m */ = {isa = PBXFileReference; fileEncoding = 4; lastKnownFileType = sourcecode.c.objc; path = MJRefreshStateHeader.m; sourceTree = "<group>"; };
		1514CA531E990CA900F8C8F4 /* MJRefresh.bundle */ = {isa = PBXFileReference; lastKnownFileType = "wrapper.plug-in"; path = MJRefresh.bundle; sourceTree = "<group>"; };
		1514CA541E990CA900F8C8F4 /* MJRefresh.h */ = {isa = PBXFileReference; fileEncoding = 4; lastKnownFileType = sourcecode.c.h; path = MJRefresh.h; sourceTree = "<group>"; };
		1514CA551E990CA900F8C8F4 /* MJRefreshConst.h */ = {isa = PBXFileReference; fileEncoding = 4; lastKnownFileType = sourcecode.c.h; path = MJRefreshConst.h; sourceTree = "<group>"; };
		1514CA561E990CA900F8C8F4 /* MJRefreshConst.m */ = {isa = PBXFileReference; fileEncoding = 4; lastKnownFileType = sourcecode.c.objc; path = MJRefreshConst.m; sourceTree = "<group>"; };
		1514CA571E990CA900F8C8F4 /* NSBundle+MJRefresh.h */ = {isa = PBXFileReference; fileEncoding = 4; lastKnownFileType = sourcecode.c.h; path = "NSBundle+MJRefresh.h"; sourceTree = "<group>"; };
		1514CA581E990CA900F8C8F4 /* NSBundle+MJRefresh.m */ = {isa = PBXFileReference; fileEncoding = 4; lastKnownFileType = sourcecode.c.objc; path = "NSBundle+MJRefresh.m"; sourceTree = "<group>"; };
		1514CA591E990CA900F8C8F4 /* UIScrollView+MJExtension.h */ = {isa = PBXFileReference; fileEncoding = 4; lastKnownFileType = sourcecode.c.h; path = "UIScrollView+MJExtension.h"; sourceTree = "<group>"; };
		1514CA5A1E990CA900F8C8F4 /* UIScrollView+MJExtension.m */ = {isa = PBXFileReference; fileEncoding = 4; lastKnownFileType = sourcecode.c.objc; path = "UIScrollView+MJExtension.m"; sourceTree = "<group>"; };
		1514CA5B1E990CA900F8C8F4 /* UIScrollView+MJRefresh.h */ = {isa = PBXFileReference; fileEncoding = 4; lastKnownFileType = sourcecode.c.h; path = "UIScrollView+MJRefresh.h"; sourceTree = "<group>"; };
		1514CA5C1E990CA900F8C8F4 /* UIScrollView+MJRefresh.m */ = {isa = PBXFileReference; fileEncoding = 4; lastKnownFileType = sourcecode.c.objc; path = "UIScrollView+MJRefresh.m"; sourceTree = "<group>"; };
		1514CA5D1E990CA900F8C8F4 /* UIView+MJExtension.h */ = {isa = PBXFileReference; fileEncoding = 4; lastKnownFileType = sourcecode.c.h; path = "UIView+MJExtension.h"; sourceTree = "<group>"; };
		1514CA5E1E990CA900F8C8F4 /* UIView+MJExtension.m */ = {isa = PBXFileReference; fileEncoding = 4; lastKnownFileType = sourcecode.c.objc; path = "UIView+MJExtension.m"; sourceTree = "<group>"; };
		152F8DBF1E96724F0070939C /* MakeAppointmentViewController.h */ = {isa = PBXFileReference; fileEncoding = 4; lastKnownFileType = sourcecode.c.h; path = MakeAppointmentViewController.h; sourceTree = "<group>"; };
		152F8DC01E96724F0070939C /* MakeAppointmentViewController.m */ = {isa = PBXFileReference; fileEncoding = 4; lastKnownFileType = sourcecode.c.objc; path = MakeAppointmentViewController.m; sourceTree = "<group>"; };
		15395FEA1E82BD2700797C74 /* RegisterViewController.h */ = {isa = PBXFileReference; fileEncoding = 4; lastKnownFileType = sourcecode.c.h; path = RegisterViewController.h; sourceTree = "<group>"; };
		15395FEB1E82BD2700797C74 /* RegisterViewController.m */ = {isa = PBXFileReference; fileEncoding = 4; lastKnownFileType = sourcecode.c.objc; path = RegisterViewController.m; sourceTree = "<group>"; };
		15395FED1E82C24000797C74 /* LoginViewController.h */ = {isa = PBXFileReference; fileEncoding = 4; lastKnownFileType = sourcecode.c.h; path = LoginViewController.h; sourceTree = "<group>"; };
		15395FEE1E82C24000797C74 /* LoginViewController.m */ = {isa = PBXFileReference; fileEncoding = 4; lastKnownFileType = sourcecode.c.objc; path = LoginViewController.m; sourceTree = "<group>"; };
		154455DA1E8D3516006CE72C /* ComboDetailViewController.h */ = {isa = PBXFileReference; fileEncoding = 4; lastKnownFileType = sourcecode.c.h; path = ComboDetailViewController.h; sourceTree = "<group>"; };
		154455DB1E8D3516006CE72C /* ComboDetailViewController.m */ = {isa = PBXFileReference; fileEncoding = 4; lastKnownFileType = sourcecode.c.objc; path = ComboDetailViewController.m; sourceTree = "<group>"; };
		158760E31EA4EF5D008320C0 /* 登陆页面背景.png */ = {isa = PBXFileReference; lastKnownFileType = image.png; path = "登陆页面背景.png"; sourceTree = "<group>"; };
		158760E41EA4EF5D008320C0 /* 默认头像.png */ = {isa = PBXFileReference; lastKnownFileType = image.png; path = "默认头像.png"; sourceTree = "<group>"; };
		158760E51EA4EF5D008320C0 /* back.png */ = {isa = PBXFileReference; lastKnownFileType = image.png; path = back.png; sourceTree = "<group>"; };
		159FCA251E8AA21F00391107 /* AllOrderTableViewCell.h */ = {isa = PBXFileReference; fileEncoding = 4; lastKnownFileType = sourcecode.c.h; path = AllOrderTableViewCell.h; sourceTree = "<group>"; };
		159FCA261E8AA21F00391107 /* AllOrderTableViewCell.m */ = {isa = PBXFileReference; fileEncoding = 4; lastKnownFileType = sourcecode.c.objc; path = AllOrderTableViewCell.m; sourceTree = "<group>"; };
		159FCA2B1E8AAB1B00391107 /* BookingViewController.h */ = {isa = PBXFileReference; fileEncoding = 4; lastKnownFileType = sourcecode.c.h; path = BookingViewController.h; sourceTree = "<group>"; };
		159FCA2C1E8AAB1B00391107 /* BookingViewController.m */ = {isa = PBXFileReference; fileEncoding = 4; lastKnownFileType = sourcecode.c.objc; path = BookingViewController.m; sourceTree = "<group>"; };
		15A0A3531E5843E0001A8610 /* WcyAdSplashImgView.h */ = {isa = PBXFileReference; fileEncoding = 4; lastKnownFileType = sourcecode.c.h; path = WcyAdSplashImgView.h; sourceTree = "<group>"; };
		15A0A3541E5843E0001A8610 /* WcyAdSplashImgView.m */ = {isa = PBXFileReference; fileEncoding = 4; lastKnownFileType = sourcecode.c.objc; path = WcyAdSplashImgView.m; sourceTree = "<group>"; };
		15A0A3571E58461E001A8610 /* MBPreferenceManager.h */ = {isa = PBXFileReference; fileEncoding = 4; lastKnownFileType = sourcecode.c.h; path = MBPreferenceManager.h; sourceTree = "<group>"; };
		15A0A3581E58461E001A8610 /* MBPreferenceManager.m */ = {isa = PBXFileReference; fileEncoding = 4; lastKnownFileType = sourcecode.c.objc; path = MBPreferenceManager.m; sourceTree = "<group>"; };
		15A199D51E21F6C60063D373 /* WcyHealth.app */ = {isa = PBXFileReference; explicitFileType = wrapper.application; includeInIndex = 0; path = WcyHealth.app; sourceTree = BUILT_PRODUCTS_DIR; };
		15A199D91E21F6C60063D373 /* main.m */ = {isa = PBXFileReference; lastKnownFileType = sourcecode.c.objc; path = main.m; sourceTree = "<group>"; };
		15A199DB1E21F6C60063D373 /* AppDelegate.h */ = {isa = PBXFileReference; lastKnownFileType = sourcecode.c.h; path = AppDelegate.h; sourceTree = "<group>"; };
		15A199DC1E21F6C60063D373 /* AppDelegate.m */ = {isa = PBXFileReference; lastKnownFileType = sourcecode.c.objc; path = AppDelegate.m; sourceTree = "<group>"; };
		15A199E21E21F6C60063D373 /* Base */ = {isa = PBXFileReference; lastKnownFileType = file.storyboard; name = Base; path = Base.lproj/Main.storyboard; sourceTree = "<group>"; };
		15A199E41E21F6C60063D373 /* Assets.xcassets */ = {isa = PBXFileReference; lastKnownFileType = folder.assetcatalog; path = Assets.xcassets; sourceTree = "<group>"; };
		15A199E71E21F6C60063D373 /* Base */ = {isa = PBXFileReference; lastKnownFileType = file.storyboard; name = Base; path = Base.lproj/LaunchScreen.storyboard; sourceTree = "<group>"; };
		15A199E91E21F6C60063D373 /* Info.plist */ = {isa = PBXFileReference; lastKnownFileType = text.plist.xml; path = Info.plist; sourceTree = "<group>"; };
		15A199EE1E21F6C60063D373 /* WcyHealthTests.xctest */ = {isa = PBXFileReference; explicitFileType = wrapper.cfbundle; includeInIndex = 0; path = WcyHealthTests.xctest; sourceTree = BUILT_PRODUCTS_DIR; };
		15A199F21E21F6C60063D373 /* WcyHealthTests.m */ = {isa = PBXFileReference; lastKnownFileType = sourcecode.c.objc; path = WcyHealthTests.m; sourceTree = "<group>"; };
		15A199F41E21F6C60063D373 /* Info.plist */ = {isa = PBXFileReference; lastKnownFileType = text.plist.xml; path = Info.plist; sourceTree = "<group>"; };
		15A199F91E21F6C60063D373 /* WcyHealthUITests.xctest */ = {isa = PBXFileReference; explicitFileType = wrapper.cfbundle; includeInIndex = 0; path = WcyHealthUITests.xctest; sourceTree = BUILT_PRODUCTS_DIR; };
		15A199FD1E21F6C60063D373 /* WcyHealthUITests.m */ = {isa = PBXFileReference; lastKnownFileType = sourcecode.c.objc; path = WcyHealthUITests.m; sourceTree = "<group>"; };
		15A199FF1E21F6C60063D373 /* Info.plist */ = {isa = PBXFileReference; lastKnownFileType = text.plist.xml; path = Info.plist; sourceTree = "<group>"; };
		15A19A161E21F9B70063D373 /* HomeViewController.h */ = {isa = PBXFileReference; fileEncoding = 4; lastKnownFileType = sourcecode.c.h; path = HomeViewController.h; sourceTree = "<group>"; };
		15A19A171E21F9B70063D373 /* HomeViewController.m */ = {isa = PBXFileReference; fileEncoding = 4; lastKnownFileType = sourcecode.c.objc; path = HomeViewController.m; sourceTree = "<group>"; };
		15A19A191E21FAC50063D373 /* InformationViewController.h */ = {isa = PBXFileReference; fileEncoding = 4; lastKnownFileType = sourcecode.c.h; path = InformationViewController.h; sourceTree = "<group>"; };
		15A19A1A1E21FAC50063D373 /* InformationViewController.m */ = {isa = PBXFileReference; fileEncoding = 4; lastKnownFileType = sourcecode.c.objc; path = InformationViewController.m; sourceTree = "<group>"; };
		15A19A1C1E21FAEE0063D373 /* FunctionViewController.h */ = {isa = PBXFileReference; fileEncoding = 4; lastKnownFileType = sourcecode.c.h; path = FunctionViewController.h; sourceTree = "<group>"; };
		15A19A1D1E21FAEE0063D373 /* FunctionViewController.m */ = {isa = PBXFileReference; fileEncoding = 4; lastKnownFileType = sourcecode.c.objc; path = FunctionViewController.m; sourceTree = "<group>"; };
		15A19A1F1E21FB1B0063D373 /* MyCenterViewController.h */ = {isa = PBXFileReference; fileEncoding = 4; lastKnownFileType = sourcecode.c.h; path = MyCenterViewController.h; sourceTree = "<group>"; };
		15A19A201E21FB1B0063D373 /* MyCenterViewController.m */ = {isa = PBXFileReference; fileEncoding = 4; lastKnownFileType = sourcecode.c.objc; path = MyCenterViewController.m; sourceTree = "<group>"; };
		15A19A241E2202640063D373 /* 4.png */ = {isa = PBXFileReference; lastKnownFileType = image.png; path = 4.png; sourceTree = "<group>"; };
		15A19A251E2202640063D373 /* 3.png */ = {isa = PBXFileReference; lastKnownFileType = image.png; path = 3.png; sourceTree = "<group>"; };
		15A19A261E2202640063D373 /* 2.png */ = {isa = PBXFileReference; lastKnownFileType = image.png; path = 2.png; sourceTree = "<group>"; };
		15A19A271E2202640063D373 /* 1.png */ = {isa = PBXFileReference; lastKnownFileType = image.png; path = 1.png; sourceTree = "<group>"; };
		15A19A2D1E222A990063D373 /* AFHTTPSessionManager.h */ = {isa = PBXFileReference; fileEncoding = 4; lastKnownFileType = sourcecode.c.h; path = AFHTTPSessionManager.h; sourceTree = "<group>"; };
		15A19A2E1E222A990063D373 /* AFHTTPSessionManager.m */ = {isa = PBXFileReference; fileEncoding = 4; lastKnownFileType = sourcecode.c.objc; path = AFHTTPSessionManager.m; sourceTree = "<group>"; };
		15A19A2F1E222A990063D373 /* AFNetworking.h */ = {isa = PBXFileReference; fileEncoding = 4; lastKnownFileType = sourcecode.c.h; path = AFNetworking.h; sourceTree = "<group>"; };
		15A19A301E222A990063D373 /* AFNetworkReachabilityManager.h */ = {isa = PBXFileReference; fileEncoding = 4; lastKnownFileType = sourcecode.c.h; path = AFNetworkReachabilityManager.h; sourceTree = "<group>"; };
		15A19A311E222A990063D373 /* AFNetworkReachabilityManager.m */ = {isa = PBXFileReference; fileEncoding = 4; lastKnownFileType = sourcecode.c.objc; path = AFNetworkReachabilityManager.m; sourceTree = "<group>"; };
		15A19A321E222A990063D373 /* AFSecurityPolicy.h */ = {isa = PBXFileReference; fileEncoding = 4; lastKnownFileType = sourcecode.c.h; path = AFSecurityPolicy.h; sourceTree = "<group>"; };
		15A19A331E222A990063D373 /* AFSecurityPolicy.m */ = {isa = PBXFileReference; fileEncoding = 4; lastKnownFileType = sourcecode.c.objc; path = AFSecurityPolicy.m; sourceTree = "<group>"; };
		15A19A341E222A990063D373 /* AFURLRequestSerialization.h */ = {isa = PBXFileReference; fileEncoding = 4; lastKnownFileType = sourcecode.c.h; path = AFURLRequestSerialization.h; sourceTree = "<group>"; };
		15A19A351E222A990063D373 /* AFURLRequestSerialization.m */ = {isa = PBXFileReference; fileEncoding = 4; lastKnownFileType = sourcecode.c.objc; path = AFURLRequestSerialization.m; sourceTree = "<group>"; };
		15A19A361E222A990063D373 /* AFURLResponseSerialization.h */ = {isa = PBXFileReference; fileEncoding = 4; lastKnownFileType = sourcecode.c.h; path = AFURLResponseSerialization.h; sourceTree = "<group>"; };
		15A19A371E222A990063D373 /* AFURLResponseSerialization.m */ = {isa = PBXFileReference; fileEncoding = 4; lastKnownFileType = sourcecode.c.objc; path = AFURLResponseSerialization.m; sourceTree = "<group>"; };
		15A19A381E222A990063D373 /* AFURLSessionManager.h */ = {isa = PBXFileReference; fileEncoding = 4; lastKnownFileType = sourcecode.c.h; path = AFURLSessionManager.h; sourceTree = "<group>"; };
		15A19A391E222A990063D373 /* AFURLSessionManager.m */ = {isa = PBXFileReference; fileEncoding = 4; lastKnownFileType = sourcecode.c.objc; path = AFURLSessionManager.m; sourceTree = "<group>"; };
		15A19A3E1E222A990063D373 /* MKAnnotationView+WebCache.h */ = {isa = PBXFileReference; fileEncoding = 4; lastKnownFileType = sourcecode.c.h; path = "MKAnnotationView+WebCache.h"; sourceTree = "<group>"; };
		15A19A3F1E222A990063D373 /* MKAnnotationView+WebCache.m */ = {isa = PBXFileReference; fileEncoding = 4; lastKnownFileType = sourcecode.c.objc; path = "MKAnnotationView+WebCache.m"; sourceTree = "<group>"; };
		15A19A401E222A990063D373 /* NSData+ImageContentType.h */ = {isa = PBXFileReference; fileEncoding = 4; lastKnownFileType = sourcecode.c.h; path = "NSData+ImageContentType.h"; sourceTree = "<group>"; };
		15A19A411E222A990063D373 /* NSData+ImageContentType.m */ = {isa = PBXFileReference; fileEncoding = 4; lastKnownFileType = sourcecode.c.objc; path = "NSData+ImageContentType.m"; sourceTree = "<group>"; };
		15A19A421E222A990063D373 /* NSImage+WebCache.h */ = {isa = PBXFileReference; fileEncoding = 4; lastKnownFileType = sourcecode.c.h; path = "NSImage+WebCache.h"; sourceTree = "<group>"; };
		15A19A431E222A990063D373 /* NSImage+WebCache.m */ = {isa = PBXFileReference; fileEncoding = 4; lastKnownFileType = sourcecode.c.objc; path = "NSImage+WebCache.m"; sourceTree = "<group>"; };
		15A19A441E222A990063D373 /* SDImageCache.h */ = {isa = PBXFileReference; fileEncoding = 4; lastKnownFileType = sourcecode.c.h; path = SDImageCache.h; sourceTree = "<group>"; };
		15A19A451E222A990063D373 /* SDImageCache.m */ = {isa = PBXFileReference; fileEncoding = 4; lastKnownFileType = sourcecode.c.objc; path = SDImageCache.m; sourceTree = "<group>"; };
		15A19A461E222A990063D373 /* SDImageCacheConfig.h */ = {isa = PBXFileReference; fileEncoding = 4; lastKnownFileType = sourcecode.c.h; path = SDImageCacheConfig.h; sourceTree = "<group>"; };
		15A19A471E222A990063D373 /* SDImageCacheConfig.m */ = {isa = PBXFileReference; fileEncoding = 4; lastKnownFileType = sourcecode.c.objc; path = SDImageCacheConfig.m; sourceTree = "<group>"; };
		15A19A481E222A990063D373 /* SDWebImageCompat.h */ = {isa = PBXFileReference; fileEncoding = 4; lastKnownFileType = sourcecode.c.h; path = SDWebImageCompat.h; sourceTree = "<group>"; };
		15A19A491E222A990063D373 /* SDWebImageCompat.m */ = {isa = PBXFileReference; fileEncoding = 4; lastKnownFileType = sourcecode.c.objc; path = SDWebImageCompat.m; sourceTree = "<group>"; };
		15A19A4A1E222A990063D373 /* SDWebImageDecoder.h */ = {isa = PBXFileReference; fileEncoding = 4; lastKnownFileType = sourcecode.c.h; path = SDWebImageDecoder.h; sourceTree = "<group>"; };
		15A19A4B1E222A990063D373 /* SDWebImageDecoder.m */ = {isa = PBXFileReference; fileEncoding = 4; lastKnownFileType = sourcecode.c.objc; path = SDWebImageDecoder.m; sourceTree = "<group>"; };
		15A19A4C1E222A990063D373 /* SDWebImageDownloader.h */ = {isa = PBXFileReference; fileEncoding = 4; lastKnownFileType = sourcecode.c.h; path = SDWebImageDownloader.h; sourceTree = "<group>"; };
		15A19A4D1E222A990063D373 /* SDWebImageDownloader.m */ = {isa = PBXFileReference; fileEncoding = 4; lastKnownFileType = sourcecode.c.objc; path = SDWebImageDownloader.m; sourceTree = "<group>"; };
		15A19A4E1E222A990063D373 /* SDWebImageDownloaderOperation.h */ = {isa = PBXFileReference; fileEncoding = 4; lastKnownFileType = sourcecode.c.h; path = SDWebImageDownloaderOperation.h; sourceTree = "<group>"; };
		15A19A4F1E222A990063D373 /* SDWebImageDownloaderOperation.m */ = {isa = PBXFileReference; fileEncoding = 4; lastKnownFileType = sourcecode.c.objc; path = SDWebImageDownloaderOperation.m; sourceTree = "<group>"; };
		15A19A501E222A990063D373 /* SDWebImageManager.h */ = {isa = PBXFileReference; fileEncoding = 4; lastKnownFileType = sourcecode.c.h; path = SDWebImageManager.h; sourceTree = "<group>"; };
		15A19A511E222A990063D373 /* SDWebImageManager.m */ = {isa = PBXFileReference; fileEncoding = 4; lastKnownFileType = sourcecode.c.objc; path = SDWebImageManager.m; sourceTree = "<group>"; };
		15A19A521E222A990063D373 /* SDWebImageOperation.h */ = {isa = PBXFileReference; fileEncoding = 4; lastKnownFileType = sourcecode.c.h; path = SDWebImageOperation.h; sourceTree = "<group>"; };
		15A19A531E222A990063D373 /* SDWebImagePrefetcher.h */ = {isa = PBXFileReference; fileEncoding = 4; lastKnownFileType = sourcecode.c.h; path = SDWebImagePrefetcher.h; sourceTree = "<group>"; };
		15A19A541E222A990063D373 /* SDWebImagePrefetcher.m */ = {isa = PBXFileReference; fileEncoding = 4; lastKnownFileType = sourcecode.c.objc; path = SDWebImagePrefetcher.m; sourceTree = "<group>"; };
		15A19A551E222A990063D373 /* UIButton+WebCache.h */ = {isa = PBXFileReference; fileEncoding = 4; lastKnownFileType = sourcecode.c.h; path = "UIButton+WebCache.h"; sourceTree = "<group>"; };
		15A19A561E222A990063D373 /* UIButton+WebCache.m */ = {isa = PBXFileReference; fileEncoding = 4; lastKnownFileType = sourcecode.c.objc; path = "UIButton+WebCache.m"; sourceTree = "<group>"; };
		15A19A571E222A990063D373 /* UIImage+GIF.h */ = {isa = PBXFileReference; fileEncoding = 4; lastKnownFileType = sourcecode.c.h; path = "UIImage+GIF.h"; sourceTree = "<group>"; };
		15A19A581E222A990063D373 /* UIImage+GIF.m */ = {isa = PBXFileReference; fileEncoding = 4; lastKnownFileType = sourcecode.c.objc; path = "UIImage+GIF.m"; sourceTree = "<group>"; };
		15A19A591E222A990063D373 /* UIImage+MultiFormat.h */ = {isa = PBXFileReference; fileEncoding = 4; lastKnownFileType = sourcecode.c.h; path = "UIImage+MultiFormat.h"; sourceTree = "<group>"; };
		15A19A5A1E222A990063D373 /* UIImage+MultiFormat.m */ = {isa = PBXFileReference; fileEncoding = 4; lastKnownFileType = sourcecode.c.objc; path = "UIImage+MultiFormat.m"; sourceTree = "<group>"; };
		15A19A5B1E222A990063D373 /* UIImage+WebP.h */ = {isa = PBXFileReference; fileEncoding = 4; lastKnownFileType = sourcecode.c.h; path = "UIImage+WebP.h"; sourceTree = "<group>"; };
		15A19A5C1E222A990063D373 /* UIImage+WebP.m */ = {isa = PBXFileReference; fileEncoding = 4; lastKnownFileType = sourcecode.c.objc; path = "UIImage+WebP.m"; sourceTree = "<group>"; };
		15A19A5D1E222A990063D373 /* UIImageView+HighlightedWebCache.h */ = {isa = PBXFileReference; fileEncoding = 4; lastKnownFileType = sourcecode.c.h; path = "UIImageView+HighlightedWebCache.h"; sourceTree = "<group>"; };
		15A19A5E1E222A990063D373 /* UIImageView+HighlightedWebCache.m */ = {isa = PBXFileReference; fileEncoding = 4; lastKnownFileType = sourcecode.c.objc; path = "UIImageView+HighlightedWebCache.m"; sourceTree = "<group>"; };
		15A19A5F1E222A990063D373 /* UIImageView+WebCache.h */ = {isa = PBXFileReference; fileEncoding = 4; lastKnownFileType = sourcecode.c.h; path = "UIImageView+WebCache.h"; sourceTree = "<group>"; };
		15A19A601E222A990063D373 /* UIImageView+WebCache.m */ = {isa = PBXFileReference; fileEncoding = 4; lastKnownFileType = sourcecode.c.objc; path = "UIImageView+WebCache.m"; sourceTree = "<group>"; };
		15A19A611E222A990063D373 /* UIView+WebCache.h */ = {isa = PBXFileReference; fileEncoding = 4; lastKnownFileType = sourcecode.c.h; path = "UIView+WebCache.h"; sourceTree = "<group>"; };
		15A19A621E222A990063D373 /* UIView+WebCache.m */ = {isa = PBXFileReference; fileEncoding = 4; lastKnownFileType = sourcecode.c.objc; path = "UIView+WebCache.m"; sourceTree = "<group>"; };
		15A19A631E222A990063D373 /* UIView+WebCacheOperation.h */ = {isa = PBXFileReference; fileEncoding = 4; lastKnownFileType = sourcecode.c.h; path = "UIView+WebCacheOperation.h"; sourceTree = "<group>"; };
		15A19A641E222A990063D373 /* UIView+WebCacheOperation.m */ = {isa = PBXFileReference; fileEncoding = 4; lastKnownFileType = sourcecode.c.objc; path = "UIView+WebCacheOperation.m"; sourceTree = "<group>"; };
		15A19A801E226E140063D373 /* Info.plist */ = {isa = PBXFileReference; fileEncoding = 4; lastKnownFileType = text.plist.xml; path = Info.plist; sourceTree = "<group>"; };
		15A19A811E226E140063D373 /* MASCompositeConstraint.h */ = {isa = PBXFileReference; fileEncoding = 4; lastKnownFileType = sourcecode.c.h; path = MASCompositeConstraint.h; sourceTree = "<group>"; };
		15A19A821E226E140063D373 /* MASCompositeConstraint.m */ = {isa = PBXFileReference; fileEncoding = 4; lastKnownFileType = sourcecode.c.objc; path = MASCompositeConstraint.m; sourceTree = "<group>"; };
		15A19A831E226E140063D373 /* MASConstraint+Private.h */ = {isa = PBXFileReference; fileEncoding = 4; lastKnownFileType = sourcecode.c.h; path = "MASConstraint+Private.h"; sourceTree = "<group>"; };
		15A19A841E226E140063D373 /* MASConstraint.h */ = {isa = PBXFileReference; fileEncoding = 4; lastKnownFileType = sourcecode.c.h; path = MASConstraint.h; sourceTree = "<group>"; };
		15A19A851E226E140063D373 /* MASConstraint.m */ = {isa = PBXFileReference; fileEncoding = 4; lastKnownFileType = sourcecode.c.objc; path = MASConstraint.m; sourceTree = "<group>"; };
		15A19A861E226E140063D373 /* MASConstraintMaker.h */ = {isa = PBXFileReference; fileEncoding = 4; lastKnownFileType = sourcecode.c.h; path = MASConstraintMaker.h; sourceTree = "<group>"; };
		15A19A871E226E140063D373 /* MASConstraintMaker.m */ = {isa = PBXFileReference; fileEncoding = 4; lastKnownFileType = sourcecode.c.objc; path = MASConstraintMaker.m; sourceTree = "<group>"; };
		15A19A881E226E140063D373 /* MASLayoutConstraint.h */ = {isa = PBXFileReference; fileEncoding = 4; lastKnownFileType = sourcecode.c.h; path = MASLayoutConstraint.h; sourceTree = "<group>"; };
		15A19A891E226E140063D373 /* MASLayoutConstraint.m */ = {isa = PBXFileReference; fileEncoding = 4; lastKnownFileType = sourcecode.c.objc; path = MASLayoutConstraint.m; sourceTree = "<group>"; };
		15A19A8A1E226E140063D373 /* Masonry.h */ = {isa = PBXFileReference; fileEncoding = 4; lastKnownFileType = sourcecode.c.h; path = Masonry.h; sourceTree = "<group>"; };
		15A19A8B1E226E140063D373 /* MASUtilities.h */ = {isa = PBXFileReference; fileEncoding = 4; lastKnownFileType = sourcecode.c.h; path = MASUtilities.h; sourceTree = "<group>"; };
		15A19A8C1E226E140063D373 /* MASViewAttribute.h */ = {isa = PBXFileReference; fileEncoding = 4; lastKnownFileType = sourcecode.c.h; path = MASViewAttribute.h; sourceTree = "<group>"; };
		15A19A8D1E226E140063D373 /* MASViewAttribute.m */ = {isa = PBXFileReference; fileEncoding = 4; lastKnownFileType = sourcecode.c.objc; path = MASViewAttribute.m; sourceTree = "<group>"; };
		15A19A8E1E226E140063D373 /* MASViewConstraint.h */ = {isa = PBXFileReference; fileEncoding = 4; lastKnownFileType = sourcecode.c.h; path = MASViewConstraint.h; sourceTree = "<group>"; };
		15A19A8F1E226E140063D373 /* MASViewConstraint.m */ = {isa = PBXFileReference; fileEncoding = 4; lastKnownFileType = sourcecode.c.objc; path = MASViewConstraint.m; sourceTree = "<group>"; };
		15A19A901E226E140063D373 /* NSArray+MASAdditions.h */ = {isa = PBXFileReference; fileEncoding = 4; lastKnownFileType = sourcecode.c.h; path = "NSArray+MASAdditions.h"; sourceTree = "<group>"; };
		15A19A911E226E140063D373 /* NSArray+MASAdditions.m */ = {isa = PBXFileReference; fileEncoding = 4; lastKnownFileType = sourcecode.c.objc; path = "NSArray+MASAdditions.m"; sourceTree = "<group>"; };
		15A19A921E226E140063D373 /* NSArray+MASShorthandAdditions.h */ = {isa = PBXFileReference; fileEncoding = 4; lastKnownFileType = sourcecode.c.h; path = "NSArray+MASShorthandAdditions.h"; sourceTree = "<group>"; };
		15A19A931E226E140063D373 /* NSLayoutConstraint+MASDebugAdditions.h */ = {isa = PBXFileReference; fileEncoding = 4; lastKnownFileType = sourcecode.c.h; path = "NSLayoutConstraint+MASDebugAdditions.h"; sourceTree = "<group>"; };
		15A19A941E226E140063D373 /* NSLayoutConstraint+MASDebugAdditions.m */ = {isa = PBXFileReference; fileEncoding = 4; lastKnownFileType = sourcecode.c.objc; path = "NSLayoutConstraint+MASDebugAdditions.m"; sourceTree = "<group>"; };
		15A19A951E226E140063D373 /* View+MASAdditions.h */ = {isa = PBXFileReference; fileEncoding = 4; lastKnownFileType = sourcecode.c.h; path = "View+MASAdditions.h"; sourceTree = "<group>"; };
		15A19A961E226E140063D373 /* View+MASAdditions.m */ = {isa = PBXFileReference; fileEncoding = 4; lastKnownFileType = sourcecode.c.objc; path = "View+MASAdditions.m"; sourceTree = "<group>"; };
		15A19A971E226E140063D373 /* View+MASShorthandAdditions.h */ = {isa = PBXFileReference; fileEncoding = 4; lastKnownFileType = sourcecode.c.h; path = "View+MASShorthandAdditions.h"; sourceTree = "<group>"; };
		15A19A981E226E140063D373 /* ViewController+MASAdditions.h */ = {isa = PBXFileReference; fileEncoding = 4; lastKnownFileType = sourcecode.c.h; path = "ViewController+MASAdditions.h"; sourceTree = "<group>"; };
		15A19A991E226E140063D373 /* ViewController+MASAdditions.m */ = {isa = PBXFileReference; fileEncoding = 4; lastKnownFileType = sourcecode.c.objc; path = "ViewController+MASAdditions.m"; sourceTree = "<group>"; };
		15A238A01E9A23D800E73C4B /* InformationTableViewCell.h */ = {isa = PBXFileReference; fileEncoding = 4; lastKnownFileType = sourcecode.c.h; path = InformationTableViewCell.h; sourceTree = "<group>"; };
		15A238A11E9A23D800E73C4B /* InformationTableViewCell.m */ = {isa = PBXFileReference; fileEncoding = 4; lastKnownFileType = sourcecode.c.objc; path = InformationTableViewCell.m; sourceTree = "<group>"; };
		15A8DE461E8BE24000FBAED1 /* BookingTableViewCell.h */ = {isa = PBXFileReference; fileEncoding = 4; lastKnownFileType = sourcecode.c.h; path = BookingTableViewCell.h; sourceTree = "<group>"; };
		15A8DE471E8BE24000FBAED1 /* BookingTableViewCell.m */ = {isa = PBXFileReference; fileEncoding = 4; lastKnownFileType = sourcecode.c.objc; path = BookingTableViewCell.m; sourceTree = "<group>"; };
		15AD75071E48B009000C2217 /* SVIndefiniteAnimatedView.h */ = {isa = PBXFileReference; fileEncoding = 4; lastKnownFileType = sourcecode.c.h; path = SVIndefiniteAnimatedView.h; sourceTree = "<group>"; };
		15AD75081E48B009000C2217 /* SVIndefiniteAnimatedView.m */ = {isa = PBXFileReference; fileEncoding = 4; lastKnownFileType = sourcecode.c.objc; path = SVIndefiniteAnimatedView.m; sourceTree = "<group>"; };
		15AD75091E48B009000C2217 /* SVProgressAnimatedView.h */ = {isa = PBXFileReference; fileEncoding = 4; lastKnownFileType = sourcecode.c.h; path = SVProgressAnimatedView.h; sourceTree = "<group>"; };
		15AD750A1E48B009000C2217 /* SVProgressAnimatedView.m */ = {isa = PBXFileReference; fileEncoding = 4; lastKnownFileType = sourcecode.c.objc; path = SVProgressAnimatedView.m; sourceTree = "<group>"; };
		15AD750B1E48B009000C2217 /* SVProgressHUD-Prefix.pch */ = {isa = PBXFileReference; fileEncoding = 4; lastKnownFileType = sourcecode.c.h; path = "SVProgressHUD-Prefix.pch"; sourceTree = "<group>"; };
		15AD750C1E48B009000C2217 /* SVProgressHUD.bundle */ = {isa = PBXFileReference; lastKnownFileType = "wrapper.plug-in"; path = SVProgressHUD.bundle; sourceTree = "<group>"; };
		15AD750D1E48B009000C2217 /* SVProgressHUD.h */ = {isa = PBXFileReference; fileEncoding = 4; lastKnownFileType = sourcecode.c.h; path = SVProgressHUD.h; sourceTree = "<group>"; };
		15AD750E1E48B009000C2217 /* SVProgressHUD.m */ = {isa = PBXFileReference; fileEncoding = 4; lastKnownFileType = sourcecode.c.objc; path = SVProgressHUD.m; sourceTree = "<group>"; };
		15AD750F1E48B009000C2217 /* SVRadialGradientLayer.h */ = {isa = PBXFileReference; fileEncoding = 4; lastKnownFileType = sourcecode.c.h; path = SVRadialGradientLayer.h; sourceTree = "<group>"; };
		15AD75101E48B009000C2217 /* SVRadialGradientLayer.m */ = {isa = PBXFileReference; fileEncoding = 4; lastKnownFileType = sourcecode.c.objc; path = SVRadialGradientLayer.m; sourceTree = "<group>"; };
		15C68DF71E9BBEA100DC71F4 /* ResultsViewController.h */ = {isa = PBXFileReference; fileEncoding = 4; lastKnownFileType = sourcecode.c.h; path = ResultsViewController.h; sourceTree = "<group>"; };
		15C68DF81E9BBEA100DC71F4 /* ResultsViewController.m */ = {isa = PBXFileReference; fileEncoding = 4; lastKnownFileType = sourcecode.c.objc; path = ResultsViewController.m; sourceTree = "<group>"; };
		15F2BE4A1E59863E00780AAC /* health.pch */ = {isa = PBXFileReference; lastKnownFileType = sourcecode.c.h; path = health.pch; sourceTree = "<group>"; };
		15F2BE4B1E59885100780AAC /* MBUtilities.h */ = {isa = PBXFileReference; fileEncoding = 4; lastKnownFileType = sourcecode.c.h; path = MBUtilities.h; sourceTree = "<group>"; };
		15F2BE4C1E59885100780AAC /* MBUtilities.m */ = {isa = PBXFileReference; fileEncoding = 4; lastKnownFileType = sourcecode.c.objc; path = MBUtilities.m; sourceTree = "<group>"; };
		15F2BE501E59A44300780AAC /* PGIndexBannerSubiew.h */ = {isa = PBXFileReference; fileEncoding = 4; lastKnownFileType = sourcecode.c.h; path = PGIndexBannerSubiew.h; sourceTree = "<group>"; };
		15F2BE511E59A44300780AAC /* PGIndexBannerSubiew.m */ = {isa = PBXFileReference; fileEncoding = 4; lastKnownFileType = sourcecode.c.objc; path = PGIndexBannerSubiew.m; sourceTree = "<group>"; };
		15F2BE531E59A44300780AAC /* NewPagedFlowView.h */ = {isa = PBXFileReference; fileEncoding = 4; lastKnownFileType = sourcecode.c.h; path = NewPagedFlowView.h; sourceTree = "<group>"; };
		15F2BE541E59A44300780AAC /* NewPagedFlowView.m */ = {isa = PBXFileReference; fileEncoding = 4; lastKnownFileType = sourcecode.c.objc; path = NewPagedFlowView.m; sourceTree = "<group>"; };
		15F2BE571E59A64600780AAC /* Yosemite00.jpg */ = {isa = PBXFileReference; lastKnownFileType = image.jpeg; path = Yosemite00.jpg; sourceTree = "<group>"; };
		15F2BE581E59A64600780AAC /* Yosemite01.jpg */ = {isa = PBXFileReference; lastKnownFileType = image.jpeg; path = Yosemite01.jpg; sourceTree = "<group>"; };
		15F2BE591E59A64600780AAC /* Yosemite02.jpg */ = {isa = PBXFileReference; lastKnownFileType = image.jpeg; path = Yosemite02.jpg; sourceTree = "<group>"; };
		15F2BE5A1E59A64600780AAC /* Yosemite03.jpg */ = {isa = PBXFileReference; lastKnownFileType = image.jpeg; path = Yosemite03.jpg; sourceTree = "<group>"; };
		15F2BE5B1E59A64600780AAC /* Yosemite04.jpg */ = {isa = PBXFileReference; lastKnownFileType = image.jpeg; path = Yosemite04.jpg; sourceTree = "<group>"; };
		488039351EA49D05000E37C3 /* summaryTableViewCell.h */ = {isa = PBXFileReference; fileEncoding = 4; lastKnownFileType = sourcecode.c.h; path = summaryTableViewCell.h; sourceTree = "<group>"; };
		488039361EA49D05000E37C3 /* summaryTableViewCell.m */ = {isa = PBXFileReference; fileEncoding = 4; lastKnownFileType = sourcecode.c.objc; path = summaryTableViewCell.m; sourceTree = "<group>"; };
		488039381EA4BE65000E37C3 /* detailTableViewCell.h */ = {isa = PBXFileReference; fileEncoding = 4; lastKnownFileType = sourcecode.c.h; path = detailTableViewCell.h; sourceTree = "<group>"; };
		488039391EA4BE65000E37C3 /* detailTableViewCell.m */ = {isa = PBXFileReference; fileEncoding = 4; lastKnownFileType = sourcecode.c.objc; path = detailTableViewCell.m; sourceTree = "<group>"; };
/* End PBXFileReference section */

/* Begin PBXFrameworksBuildPhase section */
		15A199D21E21F6C50063D373 /* Frameworks */ = {
			isa = PBXFrameworksBuildPhase;
			buildActionMask = 2147483647;
			files = (
			);
			runOnlyForDeploymentPostprocessing = 0;
		};
		15A199EB1E21F6C60063D373 /* Frameworks */ = {
			isa = PBXFrameworksBuildPhase;
			buildActionMask = 2147483647;
			files = (
			);
			runOnlyForDeploymentPostprocessing = 0;
		};
		15A199F61E21F6C60063D373 /* Frameworks */ = {
			isa = PBXFrameworksBuildPhase;
			buildActionMask = 2147483647;
			files = (
			);
			runOnlyForDeploymentPostprocessing = 0;
		};
/* End PBXFrameworksBuildPhase section */

/* Begin PBXGroup section */
		1514CA301E990CA900F8C8F4 /* MJRefresh */ = {
			isa = PBXGroup;
			children = (
				1514CA311E990CA900F8C8F4 /* Base */,
				1514CA3C1E990CA900F8C8F4 /* Custom */,
				1514CA531E990CA900F8C8F4 /* MJRefresh.bundle */,
				1514CA541E990CA900F8C8F4 /* MJRefresh.h */,
				1514CA551E990CA900F8C8F4 /* MJRefreshConst.h */,
				1514CA561E990CA900F8C8F4 /* MJRefreshConst.m */,
				1514CA571E990CA900F8C8F4 /* NSBundle+MJRefresh.h */,
				1514CA581E990CA900F8C8F4 /* NSBundle+MJRefresh.m */,
				1514CA591E990CA900F8C8F4 /* UIScrollView+MJExtension.h */,
				1514CA5A1E990CA900F8C8F4 /* UIScrollView+MJExtension.m */,
				1514CA5B1E990CA900F8C8F4 /* UIScrollView+MJRefresh.h */,
				1514CA5C1E990CA900F8C8F4 /* UIScrollView+MJRefresh.m */,
				1514CA5D1E990CA900F8C8F4 /* UIView+MJExtension.h */,
				1514CA5E1E990CA900F8C8F4 /* UIView+MJExtension.m */,
			);
			path = MJRefresh;
			sourceTree = "<group>";
		};
		1514CA311E990CA900F8C8F4 /* Base */ = {
			isa = PBXGroup;
			children = (
				1514CA321E990CA900F8C8F4 /* MJRefreshAutoFooter.h */,
				1514CA331E990CA900F8C8F4 /* MJRefreshAutoFooter.m */,
				1514CA341E990CA900F8C8F4 /* MJRefreshBackFooter.h */,
				1514CA351E990CA900F8C8F4 /* MJRefreshBackFooter.m */,
				1514CA361E990CA900F8C8F4 /* MJRefreshComponent.h */,
				1514CA371E990CA900F8C8F4 /* MJRefreshComponent.m */,
				1514CA381E990CA900F8C8F4 /* MJRefreshFooter.h */,
				1514CA391E990CA900F8C8F4 /* MJRefreshFooter.m */,
				1514CA3A1E990CA900F8C8F4 /* MJRefreshHeader.h */,
				1514CA3B1E990CA900F8C8F4 /* MJRefreshHeader.m */,
			);
			path = Base;
			sourceTree = "<group>";
		};
		1514CA3C1E990CA900F8C8F4 /* Custom */ = {
			isa = PBXGroup;
			children = (
				1514CA3D1E990CA900F8C8F4 /* Footer */,
				1514CA4C1E990CA900F8C8F4 /* Header */,
			);
			path = Custom;
			sourceTree = "<group>";
		};
		1514CA3D1E990CA900F8C8F4 /* Footer */ = {
			isa = PBXGroup;
			children = (
				1514CA3E1E990CA900F8C8F4 /* Auto */,
				1514CA451E990CA900F8C8F4 /* Back */,
			);
			path = Footer;
			sourceTree = "<group>";
		};
		1514CA3E1E990CA900F8C8F4 /* Auto */ = {
			isa = PBXGroup;
			children = (
				1514CA3F1E990CA900F8C8F4 /* MJRefreshAutoGifFooter.h */,
				1514CA401E990CA900F8C8F4 /* MJRefreshAutoGifFooter.m */,
				1514CA411E990CA900F8C8F4 /* MJRefreshAutoNormalFooter.h */,
				1514CA421E990CA900F8C8F4 /* MJRefreshAutoNormalFooter.m */,
				1514CA431E990CA900F8C8F4 /* MJRefreshAutoStateFooter.h */,
				1514CA441E990CA900F8C8F4 /* MJRefreshAutoStateFooter.m */,
			);
			path = Auto;
			sourceTree = "<group>";
		};
		1514CA451E990CA900F8C8F4 /* Back */ = {
			isa = PBXGroup;
			children = (
				1514CA461E990CA900F8C8F4 /* MJRefreshBackGifFooter.h */,
				1514CA471E990CA900F8C8F4 /* MJRefreshBackGifFooter.m */,
				1514CA481E990CA900F8C8F4 /* MJRefreshBackNormalFooter.h */,
				1514CA491E990CA900F8C8F4 /* MJRefreshBackNormalFooter.m */,
				1514CA4A1E990CA900F8C8F4 /* MJRefreshBackStateFooter.h */,
				1514CA4B1E990CA900F8C8F4 /* MJRefreshBackStateFooter.m */,
			);
			path = Back;
			sourceTree = "<group>";
		};
		1514CA4C1E990CA900F8C8F4 /* Header */ = {
			isa = PBXGroup;
			children = (
				1514CA4D1E990CA900F8C8F4 /* MJRefreshGifHeader.h */,
				1514CA4E1E990CA900F8C8F4 /* MJRefreshGifHeader.m */,
				1514CA4F1E990CA900F8C8F4 /* MJRefreshNormalHeader.h */,
				1514CA501E990CA900F8C8F4 /* MJRefreshNormalHeader.m */,
				1514CA511E990CA900F8C8F4 /* MJRefreshStateHeader.h */,
				1514CA521E990CA900F8C8F4 /* MJRefreshStateHeader.m */,
			);
			path = Header;
			sourceTree = "<group>";
		};
		15395FE81E82BCC700797C74 /* 首页 */ = {
			isa = PBXGroup;
			children = (
				15A19A161E21F9B70063D373 /* HomeViewController.h */,
				15A19A171E21F9B70063D373 /* HomeViewController.m */,
				159FCA2B1E8AAB1B00391107 /* BookingViewController.h */,
				159FCA2C1E8AAB1B00391107 /* BookingViewController.m */,
				154455DA1E8D3516006CE72C /* ComboDetailViewController.h */,
				154455DB1E8D3516006CE72C /* ComboDetailViewController.m */,
				152F8DBF1E96724F0070939C /* MakeAppointmentViewController.h */,
				152F8DC01E96724F0070939C /* MakeAppointmentViewController.m */,
			);
			name = "首页";
			sourceTree = "<group>";
		};
		15395FE91E82BCE000797C74 /* 注册&登陆 */ = {
			isa = PBXGroup;
			children = (
				15395FEA1E82BD2700797C74 /* RegisterViewController.h */,
				15395FEB1E82BD2700797C74 /* RegisterViewController.m */,
				15395FED1E82C24000797C74 /* LoginViewController.h */,
				15395FEE1E82C24000797C74 /* LoginViewController.m */,
			);
			name = "注册&登陆";
			sourceTree = "<group>";
		};
		159FCA281E8AAAA800391107 /* 订单 */ = {
			isa = PBXGroup;
			children = (
				15A19A1C1E21FAEE0063D373 /* FunctionViewController.h */,
				15A19A1D1E21FAEE0063D373 /* FunctionViewController.m */,
				1514CA2D1E98C46D00F8C8F4 /* OrderDetailViewController.h */,
				1514CA2E1E98C46D00F8C8F4 /* OrderDetailViewController.m */,
			);
			name = "订单";
			sourceTree = "<group>";
		};
		159FCA291E8AAABD00391107 /* 资讯 */ = {
			isa = PBXGroup;
			children = (
				15A19A191E21FAC50063D373 /* InformationViewController.h */,
				15A19A1A1E21FAC50063D373 /* InformationViewController.m */,
			);
			name = "资讯";
			sourceTree = "<group>";
		};
		159FCA2A1E8AAAD800391107 /* 个人中心 */ = {
			isa = PBXGroup;
			children = (
				15A19A1F1E21FB1B0063D373 /* MyCenterViewController.h */,
				15A19A201E21FB1B0063D373 /* MyCenterViewController.m */,
				1514CA271E98AEE600F8C8F4 /* medicalReportViewController.h */,
				1514CA281E98AEE600F8C8F4 /* medicalReportViewController.m */,
				1514CA2A1E98B64C00F8C8F4 /* PersonInfoViewController.h */,
				1514CA2B1E98B64C00F8C8F4 /* PersonInfoViewController.m */,
				15C68DF71E9BBEA100DC71F4 /* ResultsViewController.h */,
				15C68DF81E9BBEA100DC71F4 /* ResultsViewController.m */,
			);
			name = "个人中心";
			sourceTree = "<group>";
		};
		15A0A3521E581BEA001A8610 /* View */ = {
			isa = PBXGroup;
			children = (
				15A0A3531E5843E0001A8610 /* WcyAdSplashImgView.h */,
				15A0A3541E5843E0001A8610 /* WcyAdSplashImgView.m */,
				159FCA251E8AA21F00391107 /* AllOrderTableViewCell.h */,
				159FCA261E8AA21F00391107 /* AllOrderTableViewCell.m */,
				15A8DE461E8BE24000FBAED1 /* BookingTableViewCell.h */,
				15A8DE471E8BE24000FBAED1 /* BookingTableViewCell.m */,
				15A238A01E9A23D800E73C4B /* InformationTableViewCell.h */,
				15A238A11E9A23D800E73C4B /* InformationTableViewCell.m */,
				488039351EA49D05000E37C3 /* summaryTableViewCell.h */,
				488039361EA49D05000E37C3 /* summaryTableViewCell.m */,
				488039381EA4BE65000E37C3 /* detailTableViewCell.h */,
				488039391EA4BE65000E37C3 /* detailTableViewCell.m */,
			);
			name = View;
			sourceTree = "<group>";
		};
		15A0A3561E58460B001A8610 /* utils */ = {
			isa = PBXGroup;
			children = (
				15F2BE4B1E59885100780AAC /* MBUtilities.h */,
				15F2BE4C1E59885100780AAC /* MBUtilities.m */,
				15A0A3571E58461E001A8610 /* MBPreferenceManager.h */,
				15A0A3581E58461E001A8610 /* MBPreferenceManager.m */,
			);
			name = utils;
			sourceTree = "<group>";
		};
		15A199CC1E21F6C50063D373 = {
			isa = PBXGroup;
			children = (
				15A19A0B1E21F8850063D373 /* OtherFrameWork */,
				15A199D71E21F6C60063D373 /* WcyHealth */,
				15A199F11E21F6C60063D373 /* WcyHealthTests */,
				15A199FC1E21F6C60063D373 /* WcyHealthUITests */,
				15A199D61E21F6C60063D373 /* Products */,
			);
			sourceTree = "<group>";
		};
		15A199D61E21F6C60063D373 /* Products */ = {
			isa = PBXGroup;
			children = (
				15A199D51E21F6C60063D373 /* WcyHealth.app */,
				15A199EE1E21F6C60063D373 /* WcyHealthTests.xctest */,
				15A199F91E21F6C60063D373 /* WcyHealthUITests.xctest */,
			);
			name = Products;
			sourceTree = "<group>";
		};
		15A199D71E21F6C60063D373 /* WcyHealth */ = {
			isa = PBXGroup;
			children = (
				15A0A3561E58460B001A8610 /* utils */,
				15A19A231E2202290063D373 /* resource */,
				15A0A3521E581BEA001A8610 /* View */,
				15A19A221E21FB230063D373 /* Controller */,
				15A199DB1E21F6C60063D373 /* AppDelegate.h */,
				15A199DC1E21F6C60063D373 /* AppDelegate.m */,
				15F2BE4A1E59863E00780AAC /* health.pch */,
				15A199E11E21F6C60063D373 /* Main.storyboard */,
				15A199E41E21F6C60063D373 /* Assets.xcassets */,
				15A199E61E21F6C60063D373 /* LaunchScreen.storyboard */,
				15A199E91E21F6C60063D373 /* Info.plist */,
				15A199D81E21F6C60063D373 /* Supporting Files */,
			);
			path = WcyHealth;
			sourceTree = "<group>";
		};
		15A199D81E21F6C60063D373 /* Supporting Files */ = {
			isa = PBXGroup;
			children = (
				15A199D91E21F6C60063D373 /* main.m */,
			);
			name = "Supporting Files";
			sourceTree = "<group>";
		};
		15A199F11E21F6C60063D373 /* WcyHealthTests */ = {
			isa = PBXGroup;
			children = (
				15A199F21E21F6C60063D373 /* WcyHealthTests.m */,
				15A199F41E21F6C60063D373 /* Info.plist */,
			);
			path = WcyHealthTests;
			sourceTree = "<group>";
		};
		15A199FC1E21F6C60063D373 /* WcyHealthUITests */ = {
			isa = PBXGroup;
			children = (
				15A199FD1E21F6C60063D373 /* WcyHealthUITests.m */,
				15A199FF1E21F6C60063D373 /* Info.plist */,
			);
			path = WcyHealthUITests;
			sourceTree = "<group>";
		};
		15A19A0B1E21F8850063D373 /* OtherFrameWork */ = {
			isa = PBXGroup;
			children = (
				1514CA301E990CA900F8C8F4 /* MJRefresh */,
				15F2BE4F1E59A44300780AAC /* CustomeView */,
				15F2BE521E59A44300780AAC /* NewPagedFlowView */,
				15AD75061E48B009000C2217 /* SVProgressHUD */,
				15A19A7F1E226E140063D373 /* Masonry */,
				15A19A2C1E222A990063D373 /* AFNetworking */,
				15A19A3A1E222A990063D373 /* SDWebImage */,
			);
			name = OtherFrameWork;
			sourceTree = "<group>";
		};
		15A19A221E21FB230063D373 /* Controller */ = {
			isa = PBXGroup;
			children = (
				159FCA2A1E8AAAD800391107 /* 个人中心 */,
				15395FE91E82BCE000797C74 /* 注册&登陆 */,
				159FCA291E8AAABD00391107 /* 资讯 */,
				159FCA281E8AAAA800391107 /* 订单 */,
				15395FE81E82BCC700797C74 /* 首页 */,
			);
			name = Controller;
			sourceTree = "<group>";
		};
		15A19A231E2202290063D373 /* resource */ = {
			isa = PBXGroup;
			children = (
				158760E31EA4EF5D008320C0 /* 登陆页面背景.png */,
				158760E41EA4EF5D008320C0 /* 默认头像.png */,
				158760E51EA4EF5D008320C0 /* back.png */,
				15F2BE571E59A64600780AAC /* Yosemite00.jpg */,
				15F2BE581E59A64600780AAC /* Yosemite01.jpg */,
				15F2BE591E59A64600780AAC /* Yosemite02.jpg */,
				15F2BE5A1E59A64600780AAC /* Yosemite03.jpg */,
				15F2BE5B1E59A64600780AAC /* Yosemite04.jpg */,
				15A19A241E2202640063D373 /* 4.png */,
				15A19A251E2202640063D373 /* 3.png */,
				15A19A261E2202640063D373 /* 2.png */,
				15A19A271E2202640063D373 /* 1.png */,
			);
			name = resource;
			sourceTree = "<group>";
		};
		15A19A2C1E222A990063D373 /* AFNetworking */ = {
			isa = PBXGroup;
			children = (
				15A19A2D1E222A990063D373 /* AFHTTPSessionManager.h */,
				15A19A2E1E222A990063D373 /* AFHTTPSessionManager.m */,
				15A19A2F1E222A990063D373 /* AFNetworking.h */,
				15A19A301E222A990063D373 /* AFNetworkReachabilityManager.h */,
				15A19A311E222A990063D373 /* AFNetworkReachabilityManager.m */,
				15A19A321E222A990063D373 /* AFSecurityPolicy.h */,
				15A19A331E222A990063D373 /* AFSecurityPolicy.m */,
				15A19A341E222A990063D373 /* AFURLRequestSerialization.h */,
				15A19A351E222A990063D373 /* AFURLRequestSerialization.m */,
				15A19A361E222A990063D373 /* AFURLResponseSerialization.h */,
				15A19A371E222A990063D373 /* AFURLResponseSerialization.m */,
				15A19A381E222A990063D373 /* AFURLSessionManager.h */,
				15A19A391E222A990063D373 /* AFURLSessionManager.m */,
			);
			path = AFNetworking;
			sourceTree = "<group>";
		};
		15A19A3A1E222A990063D373 /* SDWebImage */ = {
			isa = PBXGroup;
			children = (
				15A19A3E1E222A990063D373 /* MKAnnotationView+WebCache.h */,
				15A19A3F1E222A990063D373 /* MKAnnotationView+WebCache.m */,
				15A19A401E222A990063D373 /* NSData+ImageContentType.h */,
				15A19A411E222A990063D373 /* NSData+ImageContentType.m */,
				15A19A421E222A990063D373 /* NSImage+WebCache.h */,
				15A19A431E222A990063D373 /* NSImage+WebCache.m */,
				15A19A441E222A990063D373 /* SDImageCache.h */,
				15A19A451E222A990063D373 /* SDImageCache.m */,
				15A19A461E222A990063D373 /* SDImageCacheConfig.h */,
				15A19A471E222A990063D373 /* SDImageCacheConfig.m */,
				15A19A481E222A990063D373 /* SDWebImageCompat.h */,
				15A19A491E222A990063D373 /* SDWebImageCompat.m */,
				15A19A4A1E222A990063D373 /* SDWebImageDecoder.h */,
				15A19A4B1E222A990063D373 /* SDWebImageDecoder.m */,
				15A19A4C1E222A990063D373 /* SDWebImageDownloader.h */,
				15A19A4D1E222A990063D373 /* SDWebImageDownloader.m */,
				15A19A4E1E222A990063D373 /* SDWebImageDownloaderOperation.h */,
				15A19A4F1E222A990063D373 /* SDWebImageDownloaderOperation.m */,
				15A19A501E222A990063D373 /* SDWebImageManager.h */,
				15A19A511E222A990063D373 /* SDWebImageManager.m */,
				15A19A521E222A990063D373 /* SDWebImageOperation.h */,
				15A19A531E222A990063D373 /* SDWebImagePrefetcher.h */,
				15A19A541E222A990063D373 /* SDWebImagePrefetcher.m */,
				15A19A551E222A990063D373 /* UIButton+WebCache.h */,
				15A19A561E222A990063D373 /* UIButton+WebCache.m */,
				15A19A571E222A990063D373 /* UIImage+GIF.h */,
				15A19A581E222A990063D373 /* UIImage+GIF.m */,
				15A19A591E222A990063D373 /* UIImage+MultiFormat.h */,
				15A19A5A1E222A990063D373 /* UIImage+MultiFormat.m */,
				15A19A5B1E222A990063D373 /* UIImage+WebP.h */,
				15A19A5C1E222A990063D373 /* UIImage+WebP.m */,
				15A19A5D1E222A990063D373 /* UIImageView+HighlightedWebCache.h */,
				15A19A5E1E222A990063D373 /* UIImageView+HighlightedWebCache.m */,
				15A19A5F1E222A990063D373 /* UIImageView+WebCache.h */,
				15A19A601E222A990063D373 /* UIImageView+WebCache.m */,
				15A19A611E222A990063D373 /* UIView+WebCache.h */,
				15A19A621E222A990063D373 /* UIView+WebCache.m */,
				15A19A631E222A990063D373 /* UIView+WebCacheOperation.h */,
				15A19A641E222A990063D373 /* UIView+WebCacheOperation.m */,
			);
			path = SDWebImage;
			sourceTree = "<group>";
		};
		15A19A7F1E226E140063D373 /* Masonry */ = {
			isa = PBXGroup;
			children = (
				15A19A801E226E140063D373 /* Info.plist */,
				15A19A811E226E140063D373 /* MASCompositeConstraint.h */,
				15A19A821E226E140063D373 /* MASCompositeConstraint.m */,
				15A19A831E226E140063D373 /* MASConstraint+Private.h */,
				15A19A841E226E140063D373 /* MASConstraint.h */,
				15A19A851E226E140063D373 /* MASConstraint.m */,
				15A19A861E226E140063D373 /* MASConstraintMaker.h */,
				15A19A871E226E140063D373 /* MASConstraintMaker.m */,
				15A19A881E226E140063D373 /* MASLayoutConstraint.h */,
				15A19A891E226E140063D373 /* MASLayoutConstraint.m */,
				15A19A8A1E226E140063D373 /* Masonry.h */,
				15A19A8B1E226E140063D373 /* MASUtilities.h */,
				15A19A8C1E226E140063D373 /* MASViewAttribute.h */,
				15A19A8D1E226E140063D373 /* MASViewAttribute.m */,
				15A19A8E1E226E140063D373 /* MASViewConstraint.h */,
				15A19A8F1E226E140063D373 /* MASViewConstraint.m */,
				15A19A901E226E140063D373 /* NSArray+MASAdditions.h */,
				15A19A911E226E140063D373 /* NSArray+MASAdditions.m */,
				15A19A921E226E140063D373 /* NSArray+MASShorthandAdditions.h */,
				15A19A931E226E140063D373 /* NSLayoutConstraint+MASDebugAdditions.h */,
				15A19A941E226E140063D373 /* NSLayoutConstraint+MASDebugAdditions.m */,
				15A19A951E226E140063D373 /* View+MASAdditions.h */,
				15A19A961E226E140063D373 /* View+MASAdditions.m */,
				15A19A971E226E140063D373 /* View+MASShorthandAdditions.h */,
				15A19A981E226E140063D373 /* ViewController+MASAdditions.h */,
				15A19A991E226E140063D373 /* ViewController+MASAdditions.m */,
			);
			path = Masonry;
			sourceTree = "<group>";
		};
		15AD75061E48B009000C2217 /* SVProgressHUD */ = {
			isa = PBXGroup;
			children = (
				15AD75071E48B009000C2217 /* SVIndefiniteAnimatedView.h */,
				15AD75081E48B009000C2217 /* SVIndefiniteAnimatedView.m */,
				15AD75091E48B009000C2217 /* SVProgressAnimatedView.h */,
				15AD750A1E48B009000C2217 /* SVProgressAnimatedView.m */,
				15AD750B1E48B009000C2217 /* SVProgressHUD-Prefix.pch */,
				15AD750C1E48B009000C2217 /* SVProgressHUD.bundle */,
				15AD750D1E48B009000C2217 /* SVProgressHUD.h */,
				15AD750E1E48B009000C2217 /* SVProgressHUD.m */,
				15AD750F1E48B009000C2217 /* SVRadialGradientLayer.h */,
				15AD75101E48B009000C2217 /* SVRadialGradientLayer.m */,
			);
			path = SVProgressHUD;
			sourceTree = "<group>";
		};
		15F2BE4F1E59A44300780AAC /* CustomeView */ = {
			isa = PBXGroup;
			children = (
				15F2BE501E59A44300780AAC /* PGIndexBannerSubiew.h */,
				15F2BE511E59A44300780AAC /* PGIndexBannerSubiew.m */,
			);
			path = CustomeView;
			sourceTree = "<group>";
		};
		15F2BE521E59A44300780AAC /* NewPagedFlowView */ = {
			isa = PBXGroup;
			children = (
				15F2BE531E59A44300780AAC /* NewPagedFlowView.h */,
				15F2BE541E59A44300780AAC /* NewPagedFlowView.m */,
			);
			path = NewPagedFlowView;
			sourceTree = "<group>";
		};
/* End PBXGroup section */

/* Begin PBXNativeTarget section */
		15A199D41E21F6C50063D373 /* WcyHealth */ = {
			isa = PBXNativeTarget;
			buildConfigurationList = 15A19A021E21F6C60063D373 /* Build configuration list for PBXNativeTarget "WcyHealth" */;
			buildPhases = (
				15A199D11E21F6C50063D373 /* Sources */,
				15A199D21E21F6C50063D373 /* Frameworks */,
				15A199D31E21F6C50063D373 /* Resources */,
			);
			buildRules = (
			);
			dependencies = (
			);
			name = WcyHealth;
			productName = WcyHealth;
			productReference = 15A199D51E21F6C60063D373 /* WcyHealth.app */;
			productType = "com.apple.product-type.application";
		};
		15A199ED1E21F6C60063D373 /* WcyHealthTests */ = {
			isa = PBXNativeTarget;
			buildConfigurationList = 15A19A051E21F6C60063D373 /* Build configuration list for PBXNativeTarget "WcyHealthTests" */;
			buildPhases = (
				15A199EA1E21F6C60063D373 /* Sources */,
				15A199EB1E21F6C60063D373 /* Frameworks */,
				15A199EC1E21F6C60063D373 /* Resources */,
			);
			buildRules = (
			);
			dependencies = (
				15A199F01E21F6C60063D373 /* PBXTargetDependency */,
			);
			name = WcyHealthTests;
			productName = WcyHealthTests;
			productReference = 15A199EE1E21F6C60063D373 /* WcyHealthTests.xctest */;
			productType = "com.apple.product-type.bundle.unit-test";
		};
		15A199F81E21F6C60063D373 /* WcyHealthUITests */ = {
			isa = PBXNativeTarget;
			buildConfigurationList = 15A19A081E21F6C60063D373 /* Build configuration list for PBXNativeTarget "WcyHealthUITests" */;
			buildPhases = (
				15A199F51E21F6C60063D373 /* Sources */,
				15A199F61E21F6C60063D373 /* Frameworks */,
				15A199F71E21F6C60063D373 /* Resources */,
			);
			buildRules = (
			);
			dependencies = (
				15A199FB1E21F6C60063D373 /* PBXTargetDependency */,
			);
			name = WcyHealthUITests;
			productName = WcyHealthUITests;
			productReference = 15A199F91E21F6C60063D373 /* WcyHealthUITests.xctest */;
			productType = "com.apple.product-type.bundle.ui-testing";
		};
/* End PBXNativeTarget section */

/* Begin PBXProject section */
		15A199CD1E21F6C50063D373 /* Project object */ = {
			isa = PBXProject;
			attributes = {
				LastUpgradeCheck = 0820;
				ORGANIZATIONNAME = tianya;
				TargetAttributes = {
					15A199D41E21F6C50063D373 = {
						CreatedOnToolsVersion = 8.2.1;
						ProvisioningStyle = Manual;
					};
					15A199ED1E21F6C60063D373 = {
						CreatedOnToolsVersion = 8.2.1;
						ProvisioningStyle = Automatic;
						TestTargetID = 15A199D41E21F6C50063D373;
					};
					15A199F81E21F6C60063D373 = {
						CreatedOnToolsVersion = 8.2.1;
						ProvisioningStyle = Automatic;
						TestTargetID = 15A199D41E21F6C50063D373;
					};
				};
			};
			buildConfigurationList = 15A199D01E21F6C50063D373 /* Build configuration list for PBXProject "WcyHealth" */;
			compatibilityVersion = "Xcode 3.2";
			developmentRegion = English;
			hasScannedForEncodings = 0;
			knownRegions = (
				en,
				Base,
			);
			mainGroup = 15A199CC1E21F6C50063D373;
			productRefGroup = 15A199D61E21F6C60063D373 /* Products */;
			projectDirPath = "";
			projectRoot = "";
			targets = (
				15A199D41E21F6C50063D373 /* WcyHealth */,
				15A199ED1E21F6C60063D373 /* WcyHealthTests */,
				15A199F81E21F6C60063D373 /* WcyHealthUITests */,
			);
		};
/* End PBXProject section */

/* Begin PBXResourcesBuildPhase section */
		15A199D31E21F6C50063D373 /* Resources */ = {
			isa = PBXResourcesBuildPhase;
			buildActionMask = 2147483647;
			files = (
				158760E61EA4EF5D008320C0 /* 登陆页面背景.png in Resources */,
				158760E71EA4EF5D008320C0 /* 默认头像.png in Resources */,
				158760E81EA4EF5D008320C0 /* back.png in Resources */,
				15A19A9A1E226E140063D373 /* Info.plist in Resources */,
				15AD75131E48B009000C2217 /* SVProgressHUD.bundle in Resources */,
				15F2BE5F1E59A64600780AAC /* Yosemite03.jpg in Resources */,
				15A19A2A1E2202640063D373 /* 2.png in Resources */,
				15F2BE601E59A64600780AAC /* Yosemite04.jpg in Resources */,
				15A19A291E2202640063D373 /* 3.png in Resources */,
				15A19A281E2202640063D373 /* 4.png in Resources */,
				15A199E81E21F6C60063D373 /* LaunchScreen.storyboard in Resources */,
				1514CA6D1E990CA900F8C8F4 /* MJRefresh.bundle in Resources */,
				15F2BE5C1E59A64600780AAC /* Yosemite00.jpg in Resources */,
				15A199E51E21F6C60063D373 /* Assets.xcassets in Resources */,
				15F2BE5D1E59A64600780AAC /* Yosemite01.jpg in Resources */,
				15A199E31E21F6C60063D373 /* Main.storyboard in Resources */,
				15F2BE5E1E59A64600780AAC /* Yosemite02.jpg in Resources */,
				15A19A2B1E2202640063D373 /* 1.png in Resources */,
			);
			runOnlyForDeploymentPostprocessing = 0;
		};
		15A199EC1E21F6C60063D373 /* Resources */ = {
			isa = PBXResourcesBuildPhase;
			buildActionMask = 2147483647;
			files = (
			);
			runOnlyForDeploymentPostprocessing = 0;
		};
		15A199F71E21F6C60063D373 /* Resources */ = {
			isa = PBXResourcesBuildPhase;
			buildActionMask = 2147483647;
			files = (
			);
			runOnlyForDeploymentPostprocessing = 0;
		};
/* End PBXResourcesBuildPhase section */

/* Begin PBXSourcesBuildPhase section */
		15A199D11E21F6C50063D373 /* Sources */ = {
			isa = PBXSourcesBuildPhase;
			buildActionMask = 2147483647;
			files = (
				15A19A781E222A990063D373 /* UIImage+GIF.m in Sources */,
				1514CA6C1E990CA900F8C8F4 /* MJRefreshStateHeader.m in Sources */,
				1514CA641E990CA900F8C8F4 /* MJRefreshAutoGifFooter.m in Sources */,
				1514CA621E990CA900F8C8F4 /* MJRefreshFooter.m in Sources */,
				15395FEC1E82BD2700797C74 /* RegisterViewController.m in Sources */,
				1514CA601E990CA900F8C8F4 /* MJRefreshBackFooter.m in Sources */,
				488039371EA49D05000E37C3 /* summaryTableViewCell.m in Sources */,
				15A19A751E222A990063D373 /* SDWebImageManager.m in Sources */,
				15A19A7C1E222A990063D373 /* UIImageView+WebCache.m in Sources */,
				1514CA711E990CA900F8C8F4 /* UIScrollView+MJRefresh.m in Sources */,
				1514CA721E990CA900F8C8F4 /* UIView+MJExtension.m in Sources */,
				15F2BE4D1E59885100780AAC /* MBUtilities.m in Sources */,
				15A19A741E222A990063D373 /* SDWebImageDownloaderOperation.m in Sources */,
				15A19AA41E226E140063D373 /* ViewController+MASAdditions.m in Sources */,
				1514CA691E990CA900F8C8F4 /* MJRefreshBackStateFooter.m in Sources */,
				15A238A21E9A23D800E73C4B /* InformationTableViewCell.m in Sources */,
				15AD75111E48B009000C2217 /* SVIndefiniteAnimatedView.m in Sources */,
				159FCA271E8AA21F00391107 /* AllOrderTableViewCell.m in Sources */,
				15A199DD1E21F6C60063D373 /* AppDelegate.m in Sources */,
				15A19A9F1E226E140063D373 /* MASViewAttribute.m in Sources */,
				15A8DE481E8BE24000FBAED1 /* BookingTableViewCell.m in Sources */,
				1514CA681E990CA900F8C8F4 /* MJRefreshBackNormalFooter.m in Sources */,
				15A19A9C1E226E140063D373 /* MASConstraint.m in Sources */,
				1514CA671E990CA900F8C8F4 /* MJRefreshBackGifFooter.m in Sources */,
				15AD75141E48B009000C2217 /* SVProgressHUD.m in Sources */,
				15A19A701E222A990063D373 /* SDImageCacheConfig.m in Sources */,
				15A19AA01E226E140063D373 /* MASViewConstraint.m in Sources */,
				15A19A9D1E226E140063D373 /* MASConstraintMaker.m in Sources */,
				4880393A1EA4BE65000E37C3 /* detailTableViewCell.m in Sources */,
				15A19A671E222A990063D373 /* AFSecurityPolicy.m in Sources */,
				15A19A211E21FB1B0063D373 /* MyCenterViewController.m in Sources */,
				15A19A791E222A990063D373 /* UIImage+MultiFormat.m in Sources */,
				15A199DA1E21F6C60063D373 /* main.m in Sources */,
				15A19A691E222A990063D373 /* AFURLResponseSerialization.m in Sources */,
				15A19A7D1E222A990063D373 /* UIView+WebCache.m in Sources */,
				1514CA701E990CA900F8C8F4 /* UIScrollView+MJExtension.m in Sources */,
				15AD75151E48B009000C2217 /* SVRadialGradientLayer.m in Sources */,
				154455DC1E8D3516006CE72C /* ComboDetailViewController.m in Sources */,
				152F8DC11E96724F0070939C /* MakeAppointmentViewController.m in Sources */,
				15A19A9B1E226E140063D373 /* MASCompositeConstraint.m in Sources */,
				15A19A7A1E222A990063D373 /* UIImage+WebP.m in Sources */,
				15A19A761E222A990063D373 /* SDWebImagePrefetcher.m in Sources */,
				15A19A9E1E226E140063D373 /* MASLayoutConstraint.m in Sources */,
				15A19AA11E226E140063D373 /* NSArray+MASAdditions.m in Sources */,
				1514CA611E990CA900F8C8F4 /* MJRefreshComponent.m in Sources */,
				1514CA6F1E990CA900F8C8F4 /* NSBundle+MJRefresh.m in Sources */,
				1514CA651E990CA900F8C8F4 /* MJRefreshAutoNormalFooter.m in Sources */,
				15A19A181E21F9B70063D373 /* HomeViewController.m in Sources */,
				1514CA291E98AEE600F8C8F4 /* medicalReportViewController.m in Sources */,
				15395FEF1E82C24000797C74 /* LoginViewController.m in Sources */,
				15F2BE561E59A44300780AAC /* NewPagedFlowView.m in Sources */,
				15A19A1E1E21FAEE0063D373 /* FunctionViewController.m in Sources */,
				1514CA2F1E98C46D00F8C8F4 /* OrderDetailViewController.m in Sources */,
				15A19A651E222A990063D373 /* AFHTTPSessionManager.m in Sources */,
				15A19A711E222A990063D373 /* SDWebImageCompat.m in Sources */,
				15A19A681E222A990063D373 /* AFURLRequestSerialization.m in Sources */,
				15A0A3551E5843E0001A8610 /* WcyAdSplashImgView.m in Sources */,
				15A0A35B1E58461E001A8610 /* MBPreferenceManager.m in Sources */,
				15A19AA21E226E140063D373 /* NSLayoutConstraint+MASDebugAdditions.m in Sources */,
				1514CA2C1E98B64C00F8C8F4 /* PersonInfoViewController.m in Sources */,
				1514CA5F1E990CA900F8C8F4 /* MJRefreshAutoFooter.m in Sources */,
				15A19A721E222A990063D373 /* SDWebImageDecoder.m in Sources */,
				15C68DF91E9BBEA200DC71F4 /* ResultsViewController.m in Sources */,
				15A19AA31E226E140063D373 /* View+MASAdditions.m in Sources */,
				1514CA661E990CA900F8C8F4 /* MJRefreshAutoStateFooter.m in Sources */,
				15A19A6D1E222A990063D373 /* NSData+ImageContentType.m in Sources */,
				1514CA6B1E990CA900F8C8F4 /* MJRefreshNormalHeader.m in Sources */,
				15A19A7B1E222A990063D373 /* UIImageView+HighlightedWebCache.m in Sources */,
				15A19A771E222A990063D373 /* UIButton+WebCache.m in Sources */,
				15A19A6A1E222A990063D373 /* AFURLSessionManager.m in Sources */,
				1514CA6A1E990CA900F8C8F4 /* MJRefreshGifHeader.m in Sources */,
				159FCA2D1E8AAB1B00391107 /* BookingViewController.m in Sources */,
				15A19A6F1E222A990063D373 /* SDImageCache.m in Sources */,
				15A19A6C1E222A990063D373 /* MKAnnotationView+WebCache.m in Sources */,
				15A19A661E222A990063D373 /* AFNetworkReachabilityManager.m in Sources */,
				15A19A7E1E222A990063D373 /* UIView+WebCacheOperation.m in Sources */,
				15AD75121E48B009000C2217 /* SVProgressAnimatedView.m in Sources */,
				1514CA631E990CA900F8C8F4 /* MJRefreshHeader.m in Sources */,
				15A19A6E1E222A990063D373 /* NSImage+WebCache.m in Sources */,
				15A19A731E222A990063D373 /* SDWebImageDownloader.m in Sources */,
				15F2BE551E59A44300780AAC /* PGIndexBannerSubiew.m in Sources */,
				15A19A1B1E21FAC50063D373 /* InformationViewController.m in Sources */,
				1514CA6E1E990CA900F8C8F4 /* MJRefreshConst.m in Sources */,
			);
			runOnlyForDeploymentPostprocessing = 0;
		};
		15A199EA1E21F6C60063D373 /* Sources */ = {
			isa = PBXSourcesBuildPhase;
			buildActionMask = 2147483647;
			files = (
				15A199F31E21F6C60063D373 /* WcyHealthTests.m in Sources */,
			);
			runOnlyForDeploymentPostprocessing = 0;
		};
		15A199F51E21F6C60063D373 /* Sources */ = {
			isa = PBXSourcesBuildPhase;
			buildActionMask = 2147483647;
			files = (
				15A199FE1E21F6C60063D373 /* WcyHealthUITests.m in Sources */,
			);
			runOnlyForDeploymentPostprocessing = 0;
		};
/* End PBXSourcesBuildPhase section */

/* Begin PBXTargetDependency section */
		15A199F01E21F6C60063D373 /* PBXTargetDependency */ = {
			isa = PBXTargetDependency;
			target = 15A199D41E21F6C50063D373 /* WcyHealth */;
			targetProxy = 15A199EF1E21F6C60063D373 /* PBXContainerItemProxy */;
		};
		15A199FB1E21F6C60063D373 /* PBXTargetDependency */ = {
			isa = PBXTargetDependency;
			target = 15A199D41E21F6C50063D373 /* WcyHealth */;
			targetProxy = 15A199FA1E21F6C60063D373 /* PBXContainerItemProxy */;
		};
/* End PBXTargetDependency section */

/* Begin PBXVariantGroup section */
		15A199E11E21F6C60063D373 /* Main.storyboard */ = {
			isa = PBXVariantGroup;
			children = (
				15A199E21E21F6C60063D373 /* Base */,
			);
			name = Main.storyboard;
			sourceTree = "<group>";
		};
		15A199E61E21F6C60063D373 /* LaunchScreen.storyboard */ = {
			isa = PBXVariantGroup;
			children = (
				15A199E71E21F6C60063D373 /* Base */,
			);
			name = LaunchScreen.storyboard;
			sourceTree = "<group>";
		};
/* End PBXVariantGroup section */

/* Begin XCBuildConfiguration section */
		15A19A001E21F6C60063D373 /* Debug */ = {
			isa = XCBuildConfiguration;
			buildSettings = {
				ALWAYS_SEARCH_USER_PATHS = NO;
				CLANG_ANALYZER_NONNULL = YES;
				CLANG_CXX_LANGUAGE_STANDARD = "gnu++0x";
				CLANG_CXX_LIBRARY = "libc++";
				CLANG_ENABLE_MODULES = YES;
				CLANG_ENABLE_OBJC_ARC = YES;
				CLANG_WARN_BOOL_CONVERSION = YES;
				CLANG_WARN_CONSTANT_CONVERSION = YES;
				CLANG_WARN_DIRECT_OBJC_ISA_USAGE = YES_ERROR;
				CLANG_WARN_DOCUMENTATION_COMMENTS = YES;
				CLANG_WARN_EMPTY_BODY = YES;
				CLANG_WARN_ENUM_CONVERSION = YES;
				CLANG_WARN_INFINITE_RECURSION = YES;
				CLANG_WARN_INT_CONVERSION = YES;
				CLANG_WARN_OBJC_ROOT_CLASS = YES_ERROR;
				CLANG_WARN_SUSPICIOUS_MOVE = YES;
				CLANG_WARN_UNREACHABLE_CODE = YES;
				CLANG_WARN__DUPLICATE_METHOD_MATCH = YES;
				"CODE_SIGN_IDENTITY[sdk=iphoneos*]" = "iPhone Developer";
				COPY_PHASE_STRIP = NO;
				DEBUG_INFORMATION_FORMAT = dwarf;
				ENABLE_STRICT_OBJC_MSGSEND = YES;
				ENABLE_TESTABILITY = YES;
				GCC_C_LANGUAGE_STANDARD = gnu99;
				GCC_DYNAMIC_NO_PIC = NO;
				GCC_NO_COMMON_BLOCKS = YES;
				GCC_OPTIMIZATION_LEVEL = 0;
				GCC_PREPROCESSOR_DEFINITIONS = (
					"DEBUG=1",
					"$(inherited)",
				);
				GCC_WARN_64_TO_32_BIT_CONVERSION = YES;
				GCC_WARN_ABOUT_RETURN_TYPE = YES_ERROR;
				GCC_WARN_UNDECLARED_SELECTOR = YES;
				GCC_WARN_UNINITIALIZED_AUTOS = YES_AGGRESSIVE;
				GCC_WARN_UNUSED_FUNCTION = YES;
				GCC_WARN_UNUSED_VARIABLE = YES;
				IPHONEOS_DEPLOYMENT_TARGET = 10.2;
				MTL_ENABLE_DEBUG_INFO = YES;
				ONLY_ACTIVE_ARCH = YES;
				SDKROOT = iphoneos;
				TARGETED_DEVICE_FAMILY = "1,2";
			};
			name = Debug;
		};
		15A19A011E21F6C60063D373 /* Release */ = {
			isa = XCBuildConfiguration;
			buildSettings = {
				ALWAYS_SEARCH_USER_PATHS = NO;
				CLANG_ANALYZER_NONNULL = YES;
				CLANG_CXX_LANGUAGE_STANDARD = "gnu++0x";
				CLANG_CXX_LIBRARY = "libc++";
				CLANG_ENABLE_MODULES = YES;
				CLANG_ENABLE_OBJC_ARC = YES;
				CLANG_WARN_BOOL_CONVERSION = YES;
				CLANG_WARN_CONSTANT_CONVERSION = YES;
				CLANG_WARN_DIRECT_OBJC_ISA_USAGE = YES_ERROR;
				CLANG_WARN_DOCUMENTATION_COMMENTS = YES;
				CLANG_WARN_EMPTY_BODY = YES;
				CLANG_WARN_ENUM_CONVERSION = YES;
				CLANG_WARN_INFINITE_RECURSION = YES;
				CLANG_WARN_INT_CONVERSION = YES;
				CLANG_WARN_OBJC_ROOT_CLASS = YES_ERROR;
				CLANG_WARN_SUSPICIOUS_MOVE = YES;
				CLANG_WARN_UNREACHABLE_CODE = YES;
				CLANG_WARN__DUPLICATE_METHOD_MATCH = YES;
				"CODE_SIGN_IDENTITY[sdk=iphoneos*]" = "iPhone Developer";
				COPY_PHASE_STRIP = NO;
				DEBUG_INFORMATION_FORMAT = "dwarf-with-dsym";
				ENABLE_NS_ASSERTIONS = NO;
				ENABLE_STRICT_OBJC_MSGSEND = YES;
				GCC_C_LANGUAGE_STANDARD = gnu99;
				GCC_NO_COMMON_BLOCKS = YES;
				GCC_WARN_64_TO_32_BIT_CONVERSION = YES;
				GCC_WARN_ABOUT_RETURN_TYPE = YES_ERROR;
				GCC_WARN_UNDECLARED_SELECTOR = YES;
				GCC_WARN_UNINITIALIZED_AUTOS = YES_AGGRESSIVE;
				GCC_WARN_UNUSED_FUNCTION = YES;
				GCC_WARN_UNUSED_VARIABLE = YES;
				IPHONEOS_DEPLOYMENT_TARGET = 10.2;
				MTL_ENABLE_DEBUG_INFO = NO;
				SDKROOT = iphoneos;
				TARGETED_DEVICE_FAMILY = "1,2";
				VALIDATE_PRODUCT = YES;
			};
			name = Release;
		};
		15A19A031E21F6C60063D373 /* Debug */ = {
			isa = XCBuildConfiguration;
			buildSettings = {
				ASSETCATALOG_COMPILER_APPICON_NAME = AppIcon;
				DEVELOPMENT_TEAM = "";
				GCC_PRECOMPILE_PREFIX_HEADER = YES;
				GCC_PREFIX_HEADER = "$(SRCROOT)/WcyHealth/health.pch";
				INFOPLIST_FILE = WcyHealth/Info.plist;
				LD_RUNPATH_SEARCH_PATHS = "$(inherited) @executable_path/Frameworks";
				PRODUCT_BUNDLE_IDENTIFIER = tianya.WcyHealth;
				PRODUCT_NAME = "$(TARGET_NAME)";
				TARGETED_DEVICE_FAMILY = 1;
			};
			name = Debug;
		};
		15A19A041E21F6C60063D373 /* Release */ = {
			isa = XCBuildConfiguration;
			buildSettings = {
				ASSETCATALOG_COMPILER_APPICON_NAME = AppIcon;
				DEVELOPMENT_TEAM = "";
				GCC_PRECOMPILE_PREFIX_HEADER = YES;
				GCC_PREFIX_HEADER = "$(SRCROOT)/WcyHealth/health.pch";
				INFOPLIST_FILE = WcyHealth/Info.plist;
				LD_RUNPATH_SEARCH_PATHS = "$(inherited) @executable_path/Frameworks";
				PRODUCT_BUNDLE_IDENTIFIER = tianya.WcyHealth;
				PRODUCT_NAME = "$(TARGET_NAME)";
				TARGETED_DEVICE_FAMILY = 1;
			};
			name = Release;
		};
		15A19A061E21F6C60063D373 /* Debug */ = {
			isa = XCBuildConfiguration;
			buildSettings = {
				BUNDLE_LOADER = "$(TEST_HOST)";
				INFOPLIST_FILE = WcyHealthTests/Info.plist;
				LD_RUNPATH_SEARCH_PATHS = "$(inherited) @executable_path/Frameworks @loader_path/Frameworks";
				PRODUCT_BUNDLE_IDENTIFIER = tianya.WcyHealthTests;
				PRODUCT_NAME = "$(TARGET_NAME)";
				TEST_HOST = "$(BUILT_PRODUCTS_DIR)/WcyHealth.app/WcyHealth";
			};
			name = Debug;
		};
		15A19A071E21F6C60063D373 /* Release */ = {
			isa = XCBuildConfiguration;
			buildSettings = {
				BUNDLE_LOADER = "$(TEST_HOST)";
				INFOPLIST_FILE = WcyHealthTests/Info.plist;
				LD_RUNPATH_SEARCH_PATHS = "$(inherited) @executable_path/Frameworks @loader_path/Frameworks";
				PRODUCT_BUNDLE_IDENTIFIER = tianya.WcyHealthTests;
				PRODUCT_NAME = "$(TARGET_NAME)";
				TEST_HOST = "$(BUILT_PRODUCTS_DIR)/WcyHealth.app/WcyHealth";
			};
			name = Release;
		};
		15A19A091E21F6C60063D373 /* Debug */ = {
			isa = XCBuildConfiguration;
			buildSettings = {
				INFOPLIST_FILE = WcyHealthUITests/Info.plist;
				LD_RUNPATH_SEARCH_PATHS = "$(inherited) @executable_path/Frameworks @loader_path/Frameworks";
				PRODUCT_BUNDLE_IDENTIFIER = tianya.WcyHealthUITests;
				PRODUCT_NAME = "$(TARGET_NAME)";
				TEST_TARGET_NAME = WcyHealth;
			};
			name = Debug;
		};
		15A19A0A1E21F6C60063D373 /* Release */ = {
			isa = XCBuildConfiguration;
			buildSettings = {
				INFOPLIST_FILE = WcyHealthUITests/Info.plist;
				LD_RUNPATH_SEARCH_PATHS = "$(inherited) @executable_path/Frameworks @loader_path/Frameworks";
				PRODUCT_BUNDLE_IDENTIFIER = tianya.WcyHealthUITests;
				PRODUCT_NAME = "$(TARGET_NAME)";
				TEST_TARGET_NAME = WcyHealth;
			};
			name = Release;
		};
/* End XCBuildConfiguration section */

/* Begin XCConfigurationList section */
		15A199D01E21F6C50063D373 /* Build configuration list for PBXProject "WcyHealth" */ = {
			isa = XCConfigurationList;
			buildConfigurations = (
				15A19A001E21F6C60063D373 /* Debug */,
				15A19A011E21F6C60063D373 /* Release */,
			);
			defaultConfigurationIsVisible = 0;
			defaultConfigurationName = Release;
		};
		15A19A021E21F6C60063D373 /* Build configuration list for PBXNativeTarget "WcyHealth" */ = {
			isa = XCConfigurationList;
			buildConfigurations = (
				15A19A031E21F6C60063D373 /* Debug */,
				15A19A041E21F6C60063D373 /* Release */,
			);
			defaultConfigurationIsVisible = 0;
			defaultConfigurationName = Release;
		};
		15A19A051E21F6C60063D373 /* Build configuration list for PBXNativeTarget "WcyHealthTests" */ = {
			isa = XCConfigurationList;
			buildConfigurations = (
				15A19A061E21F6C60063D373 /* Debug */,
				15A19A071E21F6C60063D373 /* Release */,
			);
			defaultConfigurationIsVisible = 0;
			defaultConfigurationName = Release;
		};
		15A19A081E21F6C60063D373 /* Build configuration list for PBXNativeTarget "WcyHealthUITests" */ = {
			isa = XCConfigurationList;
			buildConfigurations = (
				15A19A091E21F6C60063D373 /* Debug */,
				15A19A0A1E21F6C60063D373 /* Release */,
			);
			defaultConfigurationIsVisible = 0;
			defaultConfigurationName = Release;
		};
/* End XCConfigurationList section */
	};
	rootObject = 15A199CD1E21F6C50063D373 /* Project object */;
}
